// !$*UTF8*$!
{
	archiveVersion = 1;
	classes = {
	};
	objectVersion = 50;
	objects = {

/* Begin PBXBuildFile section */
		086D4FA321A7C6B5008B59B9 /* SZTWaveAnimationView.m in Sources */ = {isa = PBXBuildFile; fileRef = 086D4FA221A7C6B5008B59B9 /* SZTWaveAnimationView.m */; };
		08847E3021A4F56500C44307 /* NSObject+APIAdd.m in Sources */ = {isa = PBXBuildFile; fileRef = 08847E2F21A4F56500C44307 /* NSObject+APIAdd.m */; };
		08847E3621A56B6200C44307 /* SZTClickableLabel.m in Sources */ = {isa = PBXBuildFile; fileRef = 08847E3521A56B6200C44307 /* SZTClickableLabel.m */; };
		08B969CD21A7FC7300B5BE95 /* ABCSearchHistoryViewModel.m in Sources */ = {isa = PBXBuildFile; fileRef = 08B969CC21A7FC7300B5BE95 /* ABCSearchHistoryViewModel.m */; };
		100B3BF1218ACFBC00919864 /* AlertHelper.m in Sources */ = {isa = PBXBuildFile; fileRef = 100B3BF0218ACFBC00919864 /* AlertHelper.m */; };
		100B3BF6218AD80400919864 /* GCDTimer.m in Sources */ = {isa = PBXBuildFile; fileRef = 100B3BF5218AD80400919864 /* GCDTimer.m */; };
		10103820218C19EE00085420 /* libmp3lame.a in Frameworks */ = {isa = PBXBuildFile; fileRef = 1010381E218C19ED00085420 /* libmp3lame.a */; };
		10103824218C389F00085420 /* ABCCaptionSegment.m in Sources */ = {isa = PBXBuildFile; fileRef = 10103823218C389F00085420 /* ABCCaptionSegment.m */; };
		10103827218C392E00085420 /* ABCSRTParser.m in Sources */ = {isa = PBXBuildFile; fileRef = 10103826218C392E00085420 /* ABCSRTParser.m */; };
		1017F600219A6AB00080F524 /* SZTPlayerFullScreenViewController.m in Sources */ = {isa = PBXBuildFile; fileRef = 1017F5FF219A6AB00080F524 /* SZTPlayerFullScreenViewController.m */; };
		1017F603219A979C0080F524 /* SZTPresentedViewController.m in Sources */ = {isa = PBXBuildFile; fileRef = 1017F602219A979C0080F524 /* SZTPresentedViewController.m */; };
		1017F606219AC1790080F524 /* SZTPlayerStatusView.m in Sources */ = {isa = PBXBuildFile; fileRef = 1017F605219AC1790080F524 /* SZTPlayerStatusView.m */; };
		10250093219561690024679A /* SZTPlayer.m in Sources */ = {isa = PBXBuildFile; fileRef = 10250092219561690024679A /* SZTPlayer.m */; };
		1025009A219923D20024679A /* SZTPlayerFileHandle.m in Sources */ = {isa = PBXBuildFile; fileRef = 10250099219923D20024679A /* SZTPlayerFileHandle.m */; };
		102A4ADE21928C9700AC6C89 /* SZTPlayerViewController.m in Sources */ = {isa = PBXBuildFile; fileRef = 102A4ADD21928C9700AC6C89 /* SZTPlayerViewController.m */; };
		102A4AE12192EC3100AC6C89 /* SZTResourceLoader.m in Sources */ = {isa = PBXBuildFile; fileRef = 102A4AE02192EC3100AC6C89 /* SZTResourceLoader.m */; };
		102CE658218BE27D00D2E8CA /* MP3Endocder.mm in Sources */ = {isa = PBXBuildFile; fileRef = 102CE657218BE27D00D2E8CA /* MP3Endocder.mm */; };
		102CE665218BED8300D2E8CA /* MP3EncodedRequest.m in Sources */ = {isa = PBXBuildFile; fileRef = 102CE664218BED8300D2E8CA /* MP3EncodedRequest.m */; };
		102CE668218BF77B00D2E8CA /* ABCError.m in Sources */ = {isa = PBXBuildFile; fileRef = 102CE667218BF77B00D2E8CA /* ABCError.m */; };
		103BFA2E21912560002A681A /* ControlHelper.m in Sources */ = {isa = PBXBuildFile; fileRef = 103BFA2D21912560002A681A /* ControlHelper.m */; };
		103BFA3221916EB7002A681A /* ABCDubFileManager.m in Sources */ = {isa = PBXBuildFile; fileRef = 103BFA3121916EB7002A681A /* ABCDubFileManager.m */; };
		105776E321880BC100F7EEB2 /* AppDelegate.m in Sources */ = {isa = PBXBuildFile; fileRef = 105776E221880BC100F7EEB2 /* AppDelegate.m */; };
		105776E621880BC100F7EEB2 /* ViewController.m in Sources */ = {isa = PBXBuildFile; fileRef = 105776E521880BC100F7EEB2 /* ViewController.m */; };
		105776EB21880BC400F7EEB2 /* Assets.xcassets in Resources */ = {isa = PBXBuildFile; fileRef = 105776EA21880BC400F7EEB2 /* Assets.xcassets */; };
		105776EE21880BC400F7EEB2 /* LaunchScreen.storyboard in Resources */ = {isa = PBXBuildFile; fileRef = 105776EC21880BC400F7EEB2 /* LaunchScreen.storyboard */; };
		105776F121880BC400F7EEB2 /* main.m in Sources */ = {isa = PBXBuildFile; fileRef = 105776F021880BC400F7EEB2 /* main.m */; };
		105776FB21880BC400F7EEB2 /* PlayerWithDubTests.m in Sources */ = {isa = PBXBuildFile; fileRef = 105776FA21880BC400F7EEB2 /* PlayerWithDubTests.m */; };
		1057770621880BC400F7EEB2 /* PlayerWithDubUITests.m in Sources */ = {isa = PBXBuildFile; fileRef = 1057770521880BC400F7EEB2 /* PlayerWithDubUITests.m */; };
		1057771E2188291E00F7EEB2 /* AWVideoPlayerViewController.xib in Resources */ = {isa = PBXBuildFile; fileRef = 1057771B2188291E00F7EEB2 /* AWVideoPlayerViewController.xib */; };
		1057771F2188291E00F7EEB2 /* AWVideoPlayerViewController.m in Sources */ = {isa = PBXBuildFile; fileRef = 1057771D2188291E00F7EEB2 /* AWVideoPlayerViewController.m */; };
		1057772321882B0100F7EEB2 /* player_centerPlay@2x.png in Resources */ = {isa = PBXBuildFile; fileRef = 1057772121882AE000F7EEB2 /* player_centerPlay@2x.png */; };
		1057772421882B0100F7EEB2 /* player_centerPlay@3x.png in Resources */ = {isa = PBXBuildFile; fileRef = 1057772221882AF200F7EEB2 /* player_centerPlay@3x.png */; };
		1057772721882B1F00F7EEB2 /* player_pause@2x.png in Resources */ = {isa = PBXBuildFile; fileRef = 1057772521882B1B00F7EEB2 /* player_pause@2x.png */; };
		1057772821882B1F00F7EEB2 /* player_pause@3x.png in Resources */ = {isa = PBXBuildFile; fileRef = 1057772621882B1D00F7EEB2 /* player_pause@3x.png */; };
		1057772B21882B3400F7EEB2 /* player_play@2x.png in Resources */ = {isa = PBXBuildFile; fileRef = 1057772921882B3100F7EEB2 /* player_play@2x.png */; };
		1057772C21882B3400F7EEB2 /* player_play@3x.png in Resources */ = {isa = PBXBuildFile; fileRef = 1057772A21882B3300F7EEB2 /* player_play@3x.png */; };
		1057772F21882B4B00F7EEB2 /* player_slideThumb@2x.png in Resources */ = {isa = PBXBuildFile; fileRef = 1057772D21882B4700F7EEB2 /* player_slideThumb@2x.png */; };
		1057773021882B4B00F7EEB2 /* player_slideThumb@3x.png in Resources */ = {isa = PBXBuildFile; fileRef = 1057772E21882B4900F7EEB2 /* player_slideThumb@3x.png */; };
		105777482188419800F7EEB2 /* 幻想中的无敌神鹰.srt in Resources */ = {isa = PBXBuildFile; fileRef = 105777332188419600F7EEB2 /* 幻想中的无敌神鹰.srt */; };
		105777492188419800F7EEB2 /* 幻想中的无敌神鹰.mp4 in Resources */ = {isa = PBXBuildFile; fileRef = 105777342188419600F7EEB2 /* 幻想中的无敌神鹰.mp4 */; };
		1057774A2188419800F7EEB2 /* 丁满照看鸟宝宝.mp3 in Resources */ = {isa = PBXBuildFile; fileRef = 105777352188419600F7EEB2 /* 丁满照看鸟宝宝.mp3 */; };
		1057774B2188419800F7EEB2 /* 丁满照看鸟宝宝.mp4 in Resources */ = {isa = PBXBuildFile; fileRef = 105777362188419600F7EEB2 /* 丁满照看鸟宝宝.mp4 */; };
		1057774D2188419800F7EEB2 /* 帮我和我妈妈打个招呼.srt in Resources */ = {isa = PBXBuildFile; fileRef = 105777382188419700F7EEB2 /* 帮我和我妈妈打个招呼.srt */; };
		105777502188419800F7EEB2 /* 帮我和我妈妈打个招呼.mp3 in Resources */ = {isa = PBXBuildFile; fileRef = 1057773B2188419700F7EEB2 /* 帮我和我妈妈打个招呼.mp3 */; };
		105777512188419800F7EEB2 /* 丁满照看鸟宝宝.srt in Resources */ = {isa = PBXBuildFile; fileRef = 1057773C2188419700F7EEB2 /* 丁满照看鸟宝宝.srt */; };
		105777562188419800F7EEB2 /* 幻想中的无敌神鹰.mp3 in Resources */ = {isa = PBXBuildFile; fileRef = 105777412188419800F7EEB2 /* 幻想中的无敌神鹰.mp3 */; };
		1057775A2188419800F7EEB2 /* 帮我和我妈妈打个招呼.mp4 in Resources */ = {isa = PBXBuildFile; fileRef = 105777452188419800F7EEB2 /* 帮我和我妈妈打个招呼.mp4 */; };
		10635773219C0E8100D505BD /* ABCTabBarController.m in Sources */ = {isa = PBXBuildFile; fileRef = 10635772219C0E8100D505BD /* ABCTabBarController.m */; };
		10635779219C0EEE00D505BD /* ABCMainViewViewController.m in Sources */ = {isa = PBXBuildFile; fileRef = 10635778219C0EEE00D505BD /* ABCMainViewViewController.m */; };
		1063577C219C0F7A00D505BD /* ABCFocusViewController.m in Sources */ = {isa = PBXBuildFile; fileRef = 1063577B219C0F7A00D505BD /* ABCFocusViewController.m */; };
		1063577F219C0F8B00D505BD /* ABCMessageViewController.m in Sources */ = {isa = PBXBuildFile; fileRef = 1063577E219C0F8B00D505BD /* ABCMessageViewController.m */; };
		10635782219C0F9800D505BD /* ABCUserViewController.m in Sources */ = {isa = PBXBuildFile; fileRef = 10635781219C0F9800D505BD /* ABCUserViewController.m */; };
		10635784219C138D00D505BD /* ABCTabbar.xcassets in Resources */ = {isa = PBXBuildFile; fileRef = 10635783219C138D00D505BD /* ABCTabbar.xcassets */; };
		10635787219C13AA00D505BD /* ABCMain.xcassets in Resources */ = {isa = PBXBuildFile; fileRef = 10635786219C13AA00D505BD /* ABCMain.xcassets */; };
		10635789219C13B600D505BD /* ABCFocus.xcassets in Resources */ = {isa = PBXBuildFile; fileRef = 10635788219C13B600D505BD /* ABCFocus.xcassets */; };
		1063578B219C13C500D505BD /* ABCMessage.xcassets in Resources */ = {isa = PBXBuildFile; fileRef = 1063578A219C13C500D505BD /* ABCMessage.xcassets */; };
		1063578D219C13D300D505BD /* ABCUser.xcassets in Resources */ = {isa = PBXBuildFile; fileRef = 1063578C219C13D300D505BD /* ABCUser.xcassets */; };
		1063578F219C13E000D505BD /* ABCOthers.xcassets in Resources */ = {isa = PBXBuildFile; fileRef = 1063578E219C13E000D505BD /* ABCOthers.xcassets */; };
		10635795219C1BF800D505BD /* SZTBannerView.m in Sources */ = {isa = PBXBuildFile; fileRef = 10635794219C1BF800D505BD /* SZTBannerView.m */; };
		1063579A219C1F6400D505BD /* SZTPageControl.m in Sources */ = {isa = PBXBuildFile; fileRef = 10635799219C1F6400D505BD /* SZTPageControl.m */; };
		106D1AB821917DF5007973DE /* ABCDubHelper.m in Sources */ = {isa = PBXBuildFile; fileRef = 106D1AB721917DF5007973DE /* ABCDubHelper.m */; };
		10721AE62193D90800867A74 /* SZTPlayerResourceManager.m in Sources */ = {isa = PBXBuildFile; fileRef = 10721AE52193D90800867A74 /* SZTPlayerResourceManager.m */; };
		107504B9219D59FC0037B436 /* UINavigationController+SZTAdd.m in Sources */ = {isa = PBXBuildFile; fileRef = 107504B8219D59FC0037B436 /* UINavigationController+SZTAdd.m */; };
		107504C8219D7F6C0037B436 /* ABCMainViewModel.m in Sources */ = {isa = PBXBuildFile; fileRef = 107504C7219D7F6C0037B436 /* ABCMainViewModel.m */; };
		107504CB219D8B510037B436 /* ABCMainCollectionHeaderView.m in Sources */ = {isa = PBXBuildFile; fileRef = 107504CA219D8B510037B436 /* ABCMainCollectionHeaderView.m */; };
		107504D0219D8F0D0037B436 /* ABCCommonCollectionView.m in Sources */ = {isa = PBXBuildFile; fileRef = 107504CF219D8F0D0037B436 /* ABCCommonCollectionView.m */; };
		107504D3219D8F2F0037B436 /* ABCCommonCollectionViewCell.m in Sources */ = {isa = PBXBuildFile; fileRef = 107504D2219D8F2F0037B436 /* ABCCommonCollectionViewCell.m */; };
		1077336921903F78004F5998 /* UIButton+SZTAdd.m in Sources */ = {isa = PBXBuildFile; fileRef = 1077336821903F78004F5998 /* UIButton+SZTAdd.m */; };
		107D765F2199592B0024EDB7 /* SZTPlayerView.m in Sources */ = {isa = PBXBuildFile; fileRef = 107D765E2199592B0024EDB7 /* SZTPlayerView.m */; };
		107D766121997CC20024EDB7 /* SZTPlayerImages.xcassets in Resources */ = {isa = PBXBuildFile; fileRef = 107D766021997CC20024EDB7 /* SZTPlayerImages.xcassets */; };
		10817D78218940840026E5C7 /* ABCMediaComposeUtil.m in Sources */ = {isa = PBXBuildFile; fileRef = 10817D77218940840026E5C7 /* ABCMediaComposeUtil.m */; };
		10817D7B218950210026E5C7 /* ABCMediaComposeUnit.m in Sources */ = {isa = PBXBuildFile; fileRef = 10817D7A218950210026E5C7 /* ABCMediaComposeUnit.m */; };
		10817D7F218979870026E5C7 /* LocalFileManager.m in Sources */ = {isa = PBXBuildFile; fileRef = 10817D7D218979870026E5C7 /* LocalFileManager.m */; };
		10817D832189A9BE0026E5C7 /* ABCAudioRecorder.m in Sources */ = {isa = PBXBuildFile; fileRef = 10817D822189A9BE0026E5C7 /* ABCAudioRecorder.m */; };
		109E42AF21A255B400198861 /* ABCSectionTitleView.m in Sources */ = {isa = PBXBuildFile; fileRef = 109E42AE21A255B400198861 /* ABCSectionTitleView.m */; };
		109E42B321A28B9C00198861 /* NSNumber+STAdd.m in Sources */ = {isa = PBXBuildFile; fileRef = 109E42B121A28B9B00198861 /* NSNumber+STAdd.m */; };
		109E42B621A28D5800198861 /* NSArray+YYModelAdd.m in Sources */ = {isa = PBXBuildFile; fileRef = 109E42B521A28D5800198861 /* NSArray+YYModelAdd.m */; };
		109E42BA21A2A08700198861 /* ABCSearchView.m in Sources */ = {isa = PBXBuildFile; fileRef = 109E42B921A2A08700198861 /* ABCSearchView.m */; };
		109E42BD21A2B03F00198861 /* ABCSearchHistoryView.m in Sources */ = {isa = PBXBuildFile; fileRef = 109E42BC21A2B03F00198861 /* ABCSearchHistoryView.m */; };
		109E42C021A2B06200198861 /* ABCSearchResultView.m in Sources */ = {isa = PBXBuildFile; fileRef = 109E42BF21A2B06200198861 /* ABCSearchResultView.m */; };
		109E42C521A2BB9500198861 /* APIClient.m in Sources */ = {isa = PBXBuildFile; fileRef = 109E42C421A2BB9500198861 /* APIClient.m */; };
		10BF249E218FDD500078BEFB /* ABCDubViewController.m in Sources */ = {isa = PBXBuildFile; fileRef = 10BF249D218FDD500078BEFB /* ABCDubViewController.m */; };
		10BF24A1218FDD820078BEFB /* ABCDubViewModel.m in Sources */ = {isa = PBXBuildFile; fileRef = 10BF24A0218FDD820078BEFB /* ABCDubViewModel.m */; };
		10BF24A8218FEE230078BEFB /* ABCPresentAnimation.m in Sources */ = {isa = PBXBuildFile; fileRef = 10BF24A7218FEE230078BEFB /* ABCPresentAnimation.m */; };
		10BF24AB219011030078BEFB /* UIViewController+PresentAnimation.m in Sources */ = {isa = PBXBuildFile; fileRef = 10BF24AA219011030078BEFB /* UIViewController+PresentAnimation.m */; };
		10BF24AF219011F10078BEFB /* NSObject+SZTAdd.m in Sources */ = {isa = PBXBuildFile; fileRef = 10BF24AE219011F10078BEFB /* NSObject+SZTAdd.m */; };
		10BF24B2219036130078BEFB /* Podfile in Resources */ = {isa = PBXBuildFile; fileRef = 10BF24B1219036130078BEFB /* Podfile */; };
		10BF24B521903ABB0078BEFB /* ABCDubTableViewCell.m in Sources */ = {isa = PBXBuildFile; fileRef = 10BF24B421903ABB0078BEFB /* ABCDubTableViewCell.m */; };
		10D3470A21A3B15700006CED /* APIManager.m in Sources */ = {isa = PBXBuildFile; fileRef = 10D3470921A3B15700006CED /* APIManager.m */; };
		10D3470D21A3D0E000006CED /* APIRequestObject.m in Sources */ = {isa = PBXBuildFile; fileRef = 10D3470C21A3D0E000006CED /* APIRequestObject.m */; };
		10D3471121A3F6DF00006CED /* UIView+SZTAdd.m in Sources */ = {isa = PBXBuildFile; fileRef = 10D3471021A3F6DF00006CED /* UIView+SZTAdd.m */; };
		10D3471421A3F6F700006CED /* UIImageView+SZTAdd.m in Sources */ = {isa = PBXBuildFile; fileRef = 10D3471321A3F6F700006CED /* UIImageView+SZTAdd.m */; };
		10D3471721A3FBB900006CED /* UIImage+SZTAdd.m in Sources */ = {isa = PBXBuildFile; fileRef = 10D3471621A3FBB900006CED /* UIImage+SZTAdd.m */; };
		10F35A23219E8A93008A2685 /* ABCCommonEntryCell.m in Sources */ = {isa = PBXBuildFile; fileRef = 10F35A22219E8A93008A2685 /* ABCCommonEntryCell.m */; };
		10F35A26219E8C08008A2685 /* ABCCommonEntryCollectionViewCell.m in Sources */ = {isa = PBXBuildFile; fileRef = 10F35A25219E8C08008A2685 /* ABCCommonEntryCollectionViewCell.m */; };
		10F35A29219E96AF008A2685 /* ABCMainDataModel.m in Sources */ = {isa = PBXBuildFile; fileRef = 10F35A28219E96AF008A2685 /* ABCMainDataModel.m */; };
		10F35A2C219E970D008A2685 /* ABCCommonCollectionViewItemData.m in Sources */ = {isa = PBXBuildFile; fileRef = 10F35A2B219E970D008A2685 /* ABCCommonCollectionViewItemData.m */; };
		10F35A37219EBDB2008A2685 /* ABCCommonVideoSnapCell.m in Sources */ = {isa = PBXBuildFile; fileRef = 10F35A36219EBDB2008A2685 /* ABCCommonVideoSnapCell.m */; };
		10F35A3A219EBDDB008A2685 /* ABCCommonVideoSnapCollectionViewCell.m in Sources */ = {isa = PBXBuildFile; fileRef = 10F35A39219EBDDB008A2685 /* ABCCommonVideoSnapCollectionViewCell.m */; };
		10F35A3E219EC052008A2685 /* ABCCommonCollectionViewTableCell.m in Sources */ = {isa = PBXBuildFile; fileRef = 10F35A3D219EC052008A2685 /* ABCCommonCollectionViewTableCell.m */; };
		35010AA6FDF99A709638AAB6 /* Pods_PlayerWithDub.framework in Frameworks */ = {isa = PBXBuildFile; fileRef = F08D64A394732A9496711DD9 /* Pods_PlayerWithDub.framework */; };
/* End PBXBuildFile section */

/* Begin PBXContainerItemProxy section */
		105776F721880BC400F7EEB2 /* PBXContainerItemProxy */ = {
			isa = PBXContainerItemProxy;
			containerPortal = 105776D621880BC100F7EEB2 /* Project object */;
			proxyType = 1;
			remoteGlobalIDString = 105776DD21880BC100F7EEB2;
			remoteInfo = PlayerWithDub;
		};
		1057770221880BC400F7EEB2 /* PBXContainerItemProxy */ = {
			isa = PBXContainerItemProxy;
			containerPortal = 105776D621880BC100F7EEB2 /* Project object */;
			proxyType = 1;
			remoteGlobalIDString = 105776DD21880BC100F7EEB2;
			remoteInfo = PlayerWithDub;
		};
/* End PBXContainerItemProxy section */

/* Begin PBXFileReference section */
		086D4FA121A7C6B5008B59B9 /* SZTWaveAnimationView.h */ = {isa = PBXFileReference; lastKnownFileType = sourcecode.c.h; path = SZTWaveAnimationView.h; sourceTree = "<group>"; };
		086D4FA221A7C6B5008B59B9 /* SZTWaveAnimationView.m */ = {isa = PBXFileReference; lastKnownFileType = sourcecode.c.objc; path = SZTWaveAnimationView.m; sourceTree = "<group>"; };
		08847E2E21A4F56500C44307 /* NSObject+APIAdd.h */ = {isa = PBXFileReference; lastKnownFileType = sourcecode.c.h; path = "NSObject+APIAdd.h"; sourceTree = "<group>"; };
		08847E2F21A4F56500C44307 /* NSObject+APIAdd.m */ = {isa = PBXFileReference; lastKnownFileType = sourcecode.c.objc; path = "NSObject+APIAdd.m"; sourceTree = "<group>"; };
		08847E3421A56B6200C44307 /* SZTClickableLabel.h */ = {isa = PBXFileReference; lastKnownFileType = sourcecode.c.h; path = SZTClickableLabel.h; sourceTree = "<group>"; };
		08847E3521A56B6200C44307 /* SZTClickableLabel.m */ = {isa = PBXFileReference; lastKnownFileType = sourcecode.c.objc; path = SZTClickableLabel.m; sourceTree = "<group>"; };
		08B969CB21A7FC7300B5BE95 /* ABCSearchHistoryViewModel.h */ = {isa = PBXFileReference; lastKnownFileType = sourcecode.c.h; path = ABCSearchHistoryViewModel.h; sourceTree = "<group>"; };
		08B969CC21A7FC7300B5BE95 /* ABCSearchHistoryViewModel.m */ = {isa = PBXFileReference; lastKnownFileType = sourcecode.c.objc; path = ABCSearchHistoryViewModel.m; sourceTree = "<group>"; };
		100B3BEF218ACFBC00919864 /* AlertHelper.h */ = {isa = PBXFileReference; lastKnownFileType = sourcecode.c.h; path = AlertHelper.h; sourceTree = "<group>"; };
		100B3BF0218ACFBC00919864 /* AlertHelper.m */ = {isa = PBXFileReference; lastKnownFileType = sourcecode.c.objc; path = AlertHelper.m; sourceTree = "<group>"; };
		100B3BF4218AD80400919864 /* GCDTimer.h */ = {isa = PBXFileReference; lastKnownFileType = sourcecode.c.h; path = GCDTimer.h; sourceTree = "<group>"; };
		100B3BF5218AD80400919864 /* GCDTimer.m */ = {isa = PBXFileReference; lastKnownFileType = sourcecode.c.objc; path = GCDTimer.m; sourceTree = "<group>"; };
		1010381E218C19ED00085420 /* libmp3lame.a */ = {isa = PBXFileReference; lastKnownFileType = archive.ar; path = libmp3lame.a; sourceTree = "<group>"; };
		1010381F218C19EE00085420 /* lame.h */ = {isa = PBXFileReference; fileEncoding = 4; lastKnownFileType = sourcecode.c.h; path = lame.h; sourceTree = "<group>"; };
		10103822218C389F00085420 /* ABCCaptionSegment.h */ = {isa = PBXFileReference; lastKnownFileType = sourcecode.c.h; path = ABCCaptionSegment.h; sourceTree = "<group>"; };
		10103823218C389F00085420 /* ABCCaptionSegment.m */ = {isa = PBXFileReference; lastKnownFileType = sourcecode.c.objc; path = ABCCaptionSegment.m; sourceTree = "<group>"; };
		10103825218C392E00085420 /* ABCSRTParser.h */ = {isa = PBXFileReference; lastKnownFileType = sourcecode.c.h; path = ABCSRTParser.h; sourceTree = "<group>"; };
		10103826218C392E00085420 /* ABCSRTParser.m */ = {isa = PBXFileReference; lastKnownFileType = sourcecode.c.objc; path = ABCSRTParser.m; sourceTree = "<group>"; };
		1017F5FE219A6AB00080F524 /* SZTPlayerFullScreenViewController.h */ = {isa = PBXFileReference; lastKnownFileType = sourcecode.c.h; path = SZTPlayerFullScreenViewController.h; sourceTree = "<group>"; };
		1017F5FF219A6AB00080F524 /* SZTPlayerFullScreenViewController.m */ = {isa = PBXFileReference; lastKnownFileType = sourcecode.c.objc; path = SZTPlayerFullScreenViewController.m; sourceTree = "<group>"; };
		1017F601219A979C0080F524 /* SZTPresentedViewController.h */ = {isa = PBXFileReference; lastKnownFileType = sourcecode.c.h; path = SZTPresentedViewController.h; sourceTree = "<group>"; };
		1017F602219A979C0080F524 /* SZTPresentedViewController.m */ = {isa = PBXFileReference; lastKnownFileType = sourcecode.c.objc; path = SZTPresentedViewController.m; sourceTree = "<group>"; };
		1017F604219AC1790080F524 /* SZTPlayerStatusView.h */ = {isa = PBXFileReference; lastKnownFileType = sourcecode.c.h; path = SZTPlayerStatusView.h; sourceTree = "<group>"; };
		1017F605219AC1790080F524 /* SZTPlayerStatusView.m */ = {isa = PBXFileReference; lastKnownFileType = sourcecode.c.objc; path = SZTPlayerStatusView.m; sourceTree = "<group>"; };
		10250091219561690024679A /* SZTPlayer.h */ = {isa = PBXFileReference; lastKnownFileType = sourcecode.c.h; path = SZTPlayer.h; sourceTree = "<group>"; };
		10250092219561690024679A /* SZTPlayer.m */ = {isa = PBXFileReference; lastKnownFileType = sourcecode.c.objc; path = SZTPlayer.m; sourceTree = "<group>"; };
		10250098219923D20024679A /* SZTPlayerFileHandle.h */ = {isa = PBXFileReference; lastKnownFileType = sourcecode.c.h; path = SZTPlayerFileHandle.h; sourceTree = "<group>"; };
		10250099219923D20024679A /* SZTPlayerFileHandle.m */ = {isa = PBXFileReference; lastKnownFileType = sourcecode.c.objc; path = SZTPlayerFileHandle.m; sourceTree = "<group>"; };
		1025009E219952750024679A /* SZTKVOSimpleDefine.h */ = {isa = PBXFileReference; lastKnownFileType = sourcecode.c.h; path = SZTKVOSimpleDefine.h; sourceTree = "<group>"; };
		102A4ADB219287E600AC6C89 /* ABCDubPrefixHeader.h */ = {isa = PBXFileReference; lastKnownFileType = sourcecode.c.h; path = ABCDubPrefixHeader.h; sourceTree = "<group>"; };
		102A4ADC21928C9700AC6C89 /* SZTPlayerViewController.h */ = {isa = PBXFileReference; lastKnownFileType = sourcecode.c.h; path = SZTPlayerViewController.h; sourceTree = "<group>"; };
		102A4ADD21928C9700AC6C89 /* SZTPlayerViewController.m */ = {isa = PBXFileReference; lastKnownFileType = sourcecode.c.objc; path = SZTPlayerViewController.m; sourceTree = "<group>"; };
		102A4ADF2192EC3100AC6C89 /* SZTResourceLoader.h */ = {isa = PBXFileReference; lastKnownFileType = sourcecode.c.h; path = SZTResourceLoader.h; sourceTree = "<group>"; };
		102A4AE02192EC3100AC6C89 /* SZTResourceLoader.m */ = {isa = PBXFileReference; lastKnownFileType = sourcecode.c.objc; path = SZTResourceLoader.m; sourceTree = "<group>"; };
		102CE656218BE27D00D2E8CA /* MP3Endocder.h */ = {isa = PBXFileReference; lastKnownFileType = sourcecode.c.h; path = MP3Endocder.h; sourceTree = "<group>"; };
		102CE657218BE27D00D2E8CA /* MP3Endocder.mm */ = {isa = PBXFileReference; lastKnownFileType = sourcecode.cpp.objcpp; path = MP3Endocder.mm; sourceTree = "<group>"; };
		102CE663218BED8300D2E8CA /* MP3EncodedRequest.h */ = {isa = PBXFileReference; lastKnownFileType = sourcecode.c.h; path = MP3EncodedRequest.h; sourceTree = "<group>"; };
		102CE664218BED8300D2E8CA /* MP3EncodedRequest.m */ = {isa = PBXFileReference; lastKnownFileType = sourcecode.c.objc; path = MP3EncodedRequest.m; sourceTree = "<group>"; };
		102CE666218BF77B00D2E8CA /* ABCError.h */ = {isa = PBXFileReference; lastKnownFileType = sourcecode.c.h; path = ABCError.h; sourceTree = "<group>"; };
		102CE667218BF77B00D2E8CA /* ABCError.m */ = {isa = PBXFileReference; lastKnownFileType = sourcecode.c.objc; path = ABCError.m; sourceTree = "<group>"; };
		103BFA2C21912560002A681A /* ControlHelper.h */ = {isa = PBXFileReference; fileEncoding = 4; lastKnownFileType = sourcecode.c.h; path = ControlHelper.h; sourceTree = "<group>"; };
		103BFA2D21912560002A681A /* ControlHelper.m */ = {isa = PBXFileReference; fileEncoding = 4; lastKnownFileType = sourcecode.c.objc; path = ControlHelper.m; sourceTree = "<group>"; };
		103BFA2F219127CD002A681A /* PrefixHeader.pch */ = {isa = PBXFileReference; lastKnownFileType = sourcecode.c.h; path = PrefixHeader.pch; sourceTree = "<group>"; };
		103BFA3021916EB7002A681A /* ABCDubFileManager.h */ = {isa = PBXFileReference; lastKnownFileType = sourcecode.c.h; path = ABCDubFileManager.h; sourceTree = "<group>"; };
		103BFA3121916EB7002A681A /* ABCDubFileManager.m */ = {isa = PBXFileReference; lastKnownFileType = sourcecode.c.objc; path = ABCDubFileManager.m; sourceTree = "<group>"; };
		105776DE21880BC100F7EEB2 /* PlayerWithDub.app */ = {isa = PBXFileReference; explicitFileType = wrapper.application; includeInIndex = 0; path = PlayerWithDub.app; sourceTree = BUILT_PRODUCTS_DIR; };
		105776E121880BC100F7EEB2 /* AppDelegate.h */ = {isa = PBXFileReference; lastKnownFileType = sourcecode.c.h; path = AppDelegate.h; sourceTree = "<group>"; };
		105776E221880BC100F7EEB2 /* AppDelegate.m */ = {isa = PBXFileReference; lastKnownFileType = sourcecode.c.objc; path = AppDelegate.m; sourceTree = "<group>"; };
		105776E421880BC100F7EEB2 /* ViewController.h */ = {isa = PBXFileReference; lastKnownFileType = sourcecode.c.h; path = ViewController.h; sourceTree = "<group>"; };
		105776E521880BC100F7EEB2 /* ViewController.m */ = {isa = PBXFileReference; lastKnownFileType = sourcecode.c.objc; path = ViewController.m; sourceTree = "<group>"; };
		105776EA21880BC400F7EEB2 /* Assets.xcassets */ = {isa = PBXFileReference; lastKnownFileType = folder.assetcatalog; path = Assets.xcassets; sourceTree = "<group>"; };
		105776ED21880BC400F7EEB2 /* Base */ = {isa = PBXFileReference; lastKnownFileType = file.storyboard; name = Base; path = Base.lproj/LaunchScreen.storyboard; sourceTree = "<group>"; };
		105776EF21880BC400F7EEB2 /* Info.plist */ = {isa = PBXFileReference; lastKnownFileType = text.plist.xml; path = Info.plist; sourceTree = "<group>"; };
		105776F021880BC400F7EEB2 /* main.m */ = {isa = PBXFileReference; lastKnownFileType = sourcecode.c.objc; path = main.m; sourceTree = "<group>"; };
		105776F621880BC400F7EEB2 /* PlayerWithDubTests.xctest */ = {isa = PBXFileReference; explicitFileType = wrapper.cfbundle; includeInIndex = 0; path = PlayerWithDubTests.xctest; sourceTree = BUILT_PRODUCTS_DIR; };
		105776FA21880BC400F7EEB2 /* PlayerWithDubTests.m */ = {isa = PBXFileReference; lastKnownFileType = sourcecode.c.objc; path = PlayerWithDubTests.m; sourceTree = "<group>"; };
		105776FC21880BC400F7EEB2 /* Info.plist */ = {isa = PBXFileReference; lastKnownFileType = text.plist.xml; path = Info.plist; sourceTree = "<group>"; };
		1057770121880BC400F7EEB2 /* PlayerWithDubUITests.xctest */ = {isa = PBXFileReference; explicitFileType = wrapper.cfbundle; includeInIndex = 0; path = PlayerWithDubUITests.xctest; sourceTree = BUILT_PRODUCTS_DIR; };
		1057770521880BC400F7EEB2 /* PlayerWithDubUITests.m */ = {isa = PBXFileReference; lastKnownFileType = sourcecode.c.objc; path = PlayerWithDubUITests.m; sourceTree = "<group>"; };
		1057770721880BC400F7EEB2 /* Info.plist */ = {isa = PBXFileReference; lastKnownFileType = text.plist.xml; path = Info.plist; sourceTree = "<group>"; };
		1057771B2188291E00F7EEB2 /* AWVideoPlayerViewController.xib */ = {isa = PBXFileReference; fileEncoding = 4; lastKnownFileType = file.xib; path = AWVideoPlayerViewController.xib; sourceTree = "<group>"; };
		1057771C2188291E00F7EEB2 /* AWVideoPlayerViewController.h */ = {isa = PBXFileReference; fileEncoding = 4; lastKnownFileType = sourcecode.c.h; path = AWVideoPlayerViewController.h; sourceTree = "<group>"; };
		1057771D2188291E00F7EEB2 /* AWVideoPlayerViewController.m */ = {isa = PBXFileReference; fileEncoding = 4; lastKnownFileType = sourcecode.c.objc; path = AWVideoPlayerViewController.m; sourceTree = "<group>"; };
		1057772121882AE000F7EEB2 /* player_centerPlay@2x.png */ = {isa = PBXFileReference; lastKnownFileType = image.png; path = "player_centerPlay@2x.png"; sourceTree = "<group>"; };
		1057772221882AF200F7EEB2 /* player_centerPlay@3x.png */ = {isa = PBXFileReference; lastKnownFileType = image.png; path = "player_centerPlay@3x.png"; sourceTree = "<group>"; };
		1057772521882B1B00F7EEB2 /* player_pause@2x.png */ = {isa = PBXFileReference; lastKnownFileType = image.png; path = "player_pause@2x.png"; sourceTree = "<group>"; };
		1057772621882B1D00F7EEB2 /* player_pause@3x.png */ = {isa = PBXFileReference; lastKnownFileType = image.png; path = "player_pause@3x.png"; sourceTree = "<group>"; };
		1057772921882B3100F7EEB2 /* player_play@2x.png */ = {isa = PBXFileReference; lastKnownFileType = image.png; path = "player_play@2x.png"; sourceTree = "<group>"; };
		1057772A21882B3300F7EEB2 /* player_play@3x.png */ = {isa = PBXFileReference; lastKnownFileType = image.png; path = "player_play@3x.png"; sourceTree = "<group>"; };
		1057772D21882B4700F7EEB2 /* player_slideThumb@2x.png */ = {isa = PBXFileReference; lastKnownFileType = image.png; path = "player_slideThumb@2x.png"; sourceTree = "<group>"; };
		1057772E21882B4900F7EEB2 /* player_slideThumb@3x.png */ = {isa = PBXFileReference; lastKnownFileType = image.png; path = "player_slideThumb@3x.png"; sourceTree = "<group>"; };
		105777332188419600F7EEB2 /* 幻想中的无敌神鹰.srt */ = {isa = PBXFileReference; fileEncoding = 4; lastKnownFileType = text; path = "幻想中的无敌神鹰.srt"; sourceTree = "<group>"; };
		105777342188419600F7EEB2 /* 幻想中的无敌神鹰.mp4 */ = {isa = PBXFileReference; lastKnownFileType = file; path = "幻想中的无敌神鹰.mp4"; sourceTree = "<group>"; };
		105777352188419600F7EEB2 /* 丁满照看鸟宝宝.mp3 */ = {isa = PBXFileReference; lastKnownFileType = audio.mp3; path = "丁满照看鸟宝宝.mp3"; sourceTree = "<group>"; };
		105777362188419600F7EEB2 /* 丁满照看鸟宝宝.mp4 */ = {isa = PBXFileReference; lastKnownFileType = file; path = "丁满照看鸟宝宝.mp4"; sourceTree = "<group>"; };
		105777382188419700F7EEB2 /* 帮我和我妈妈打个招呼.srt */ = {isa = PBXFileReference; fileEncoding = 4; lastKnownFileType = text; path = "帮我和我妈妈打个招呼.srt"; sourceTree = "<group>"; };
		1057773B2188419700F7EEB2 /* 帮我和我妈妈打个招呼.mp3 */ = {isa = PBXFileReference; lastKnownFileType = audio.mp3; path = "帮我和我妈妈打个招呼.mp3"; sourceTree = "<group>"; };
		1057773C2188419700F7EEB2 /* 丁满照看鸟宝宝.srt */ = {isa = PBXFileReference; fileEncoding = 4; lastKnownFileType = text; path = "丁满照看鸟宝宝.srt"; sourceTree = "<group>"; };
		105777412188419800F7EEB2 /* 幻想中的无敌神鹰.mp3 */ = {isa = PBXFileReference; lastKnownFileType = audio.mp3; path = "幻想中的无敌神鹰.mp3"; sourceTree = "<group>"; };
		105777452188419800F7EEB2 /* 帮我和我妈妈打个招呼.mp4 */ = {isa = PBXFileReference; lastKnownFileType = file; path = "帮我和我妈妈打个招呼.mp4"; sourceTree = "<group>"; };
		10635771219C0E8100D505BD /* ABCTabBarController.h */ = {isa = PBXFileReference; lastKnownFileType = sourcecode.c.h; path = ABCTabBarController.h; sourceTree = "<group>"; };
		10635772219C0E8100D505BD /* ABCTabBarController.m */ = {isa = PBXFileReference; lastKnownFileType = sourcecode.c.objc; path = ABCTabBarController.m; sourceTree = "<group>"; };
		10635777219C0EEE00D505BD /* ABCMainViewViewController.h */ = {isa = PBXFileReference; lastKnownFileType = sourcecode.c.h; path = ABCMainViewViewController.h; sourceTree = "<group>"; };
		10635778219C0EEE00D505BD /* ABCMainViewViewController.m */ = {isa = PBXFileReference; lastKnownFileType = sourcecode.c.objc; path = ABCMainViewViewController.m; sourceTree = "<group>"; };
		1063577A219C0F7A00D505BD /* ABCFocusViewController.h */ = {isa = PBXFileReference; lastKnownFileType = sourcecode.c.h; path = ABCFocusViewController.h; sourceTree = "<group>"; };
		1063577B219C0F7A00D505BD /* ABCFocusViewController.m */ = {isa = PBXFileReference; lastKnownFileType = sourcecode.c.objc; path = ABCFocusViewController.m; sourceTree = "<group>"; };
		1063577D219C0F8B00D505BD /* ABCMessageViewController.h */ = {isa = PBXFileReference; lastKnownFileType = sourcecode.c.h; path = ABCMessageViewController.h; sourceTree = "<group>"; };
		1063577E219C0F8B00D505BD /* ABCMessageViewController.m */ = {isa = PBXFileReference; lastKnownFileType = sourcecode.c.objc; path = ABCMessageViewController.m; sourceTree = "<group>"; };
		10635780219C0F9800D505BD /* ABCUserViewController.h */ = {isa = PBXFileReference; lastKnownFileType = sourcecode.c.h; path = ABCUserViewController.h; sourceTree = "<group>"; };
		10635781219C0F9800D505BD /* ABCUserViewController.m */ = {isa = PBXFileReference; lastKnownFileType = sourcecode.c.objc; path = ABCUserViewController.m; sourceTree = "<group>"; };
		10635783219C138D00D505BD /* ABCTabbar.xcassets */ = {isa = PBXFileReference; lastKnownFileType = folder.assetcatalog; path = ABCTabbar.xcassets; sourceTree = "<group>"; };
		10635786219C13AA00D505BD /* ABCMain.xcassets */ = {isa = PBXFileReference; lastKnownFileType = folder.assetcatalog; path = ABCMain.xcassets; sourceTree = "<group>"; };
		10635788219C13B600D505BD /* ABCFocus.xcassets */ = {isa = PBXFileReference; lastKnownFileType = folder.assetcatalog; path = ABCFocus.xcassets; sourceTree = "<group>"; };
		1063578A219C13C500D505BD /* ABCMessage.xcassets */ = {isa = PBXFileReference; lastKnownFileType = folder.assetcatalog; path = ABCMessage.xcassets; sourceTree = "<group>"; };
		1063578C219C13D300D505BD /* ABCUser.xcassets */ = {isa = PBXFileReference; lastKnownFileType = folder.assetcatalog; path = ABCUser.xcassets; sourceTree = "<group>"; };
		1063578E219C13E000D505BD /* ABCOthers.xcassets */ = {isa = PBXFileReference; lastKnownFileType = folder.assetcatalog; path = ABCOthers.xcassets; sourceTree = "<group>"; };
		10635790219C16E300D505BD /* ABCColorDefines.h */ = {isa = PBXFileReference; lastKnownFileType = sourcecode.c.h; path = ABCColorDefines.h; sourceTree = "<group>"; };
		10635791219C187000D505BD /* ABCFontDefines.h */ = {isa = PBXFileReference; lastKnownFileType = sourcecode.c.h; path = ABCFontDefines.h; sourceTree = "<group>"; };
		10635793219C1BF800D505BD /* SZTBannerView.h */ = {isa = PBXFileReference; lastKnownFileType = sourcecode.c.h; path = SZTBannerView.h; sourceTree = "<group>"; };
		10635794219C1BF800D505BD /* SZTBannerView.m */ = {isa = PBXFileReference; lastKnownFileType = sourcecode.c.objc; path = SZTBannerView.m; sourceTree = "<group>"; };
		10635798219C1F6400D505BD /* SZTPageControl.h */ = {isa = PBXFileReference; lastKnownFileType = sourcecode.c.h; path = SZTPageControl.h; sourceTree = "<group>"; };
		10635799219C1F6400D505BD /* SZTPageControl.m */ = {isa = PBXFileReference; lastKnownFileType = sourcecode.c.objc; path = SZTPageControl.m; sourceTree = "<group>"; };
		106D1AB621917DF5007973DE /* ABCDubHelper.h */ = {isa = PBXFileReference; lastKnownFileType = sourcecode.c.h; path = ABCDubHelper.h; sourceTree = "<group>"; };
		106D1AB721917DF5007973DE /* ABCDubHelper.m */ = {isa = PBXFileReference; lastKnownFileType = sourcecode.c.objc; path = ABCDubHelper.m; sourceTree = "<group>"; };
		10721AE42193D90800867A74 /* SZTPlayerResourceManager.h */ = {isa = PBXFileReference; lastKnownFileType = sourcecode.c.h; path = SZTPlayerResourceManager.h; sourceTree = "<group>"; };
		10721AE52193D90800867A74 /* SZTPlayerResourceManager.m */ = {isa = PBXFileReference; lastKnownFileType = sourcecode.c.objc; path = SZTPlayerResourceManager.m; sourceTree = "<group>"; };
		107504B6219D58480037B436 /* SZTSimpleDefines.h */ = {isa = PBXFileReference; lastKnownFileType = sourcecode.c.h; path = SZTSimpleDefines.h; sourceTree = "<group>"; };
		107504B7219D59FC0037B436 /* UINavigationController+SZTAdd.h */ = {isa = PBXFileReference; lastKnownFileType = sourcecode.c.h; path = "UINavigationController+SZTAdd.h"; sourceTree = "<group>"; };
		107504B8219D59FC0037B436 /* UINavigationController+SZTAdd.m */ = {isa = PBXFileReference; lastKnownFileType = sourcecode.c.objc; path = "UINavigationController+SZTAdd.m"; sourceTree = "<group>"; };
		107504C6219D7F6C0037B436 /* ABCMainViewModel.h */ = {isa = PBXFileReference; lastKnownFileType = sourcecode.c.h; path = ABCMainViewModel.h; sourceTree = "<group>"; };
		107504C7219D7F6C0037B436 /* ABCMainViewModel.m */ = {isa = PBXFileReference; lastKnownFileType = sourcecode.c.objc; path = ABCMainViewModel.m; sourceTree = "<group>"; };
		107504C9219D8B510037B436 /* ABCMainCollectionHeaderView.h */ = {isa = PBXFileReference; lastKnownFileType = sourcecode.c.h; path = ABCMainCollectionHeaderView.h; sourceTree = "<group>"; };
		107504CA219D8B510037B436 /* ABCMainCollectionHeaderView.m */ = {isa = PBXFileReference; lastKnownFileType = sourcecode.c.objc; path = ABCMainCollectionHeaderView.m; sourceTree = "<group>"; };
		107504CE219D8F0D0037B436 /* ABCCommonCollectionView.h */ = {isa = PBXFileReference; lastKnownFileType = sourcecode.c.h; path = ABCCommonCollectionView.h; sourceTree = "<group>"; };
		107504CF219D8F0D0037B436 /* ABCCommonCollectionView.m */ = {isa = PBXFileReference; lastKnownFileType = sourcecode.c.objc; path = ABCCommonCollectionView.m; sourceTree = "<group>"; };
		107504D1219D8F2F0037B436 /* ABCCommonCollectionViewCell.h */ = {isa = PBXFileReference; lastKnownFileType = sourcecode.c.h; path = ABCCommonCollectionViewCell.h; sourceTree = "<group>"; };
		107504D2219D8F2F0037B436 /* ABCCommonCollectionViewCell.m */ = {isa = PBXFileReference; lastKnownFileType = sourcecode.c.objc; path = ABCCommonCollectionViewCell.m; sourceTree = "<group>"; };
		1077336721903F77004F5998 /* UIButton+SZTAdd.h */ = {isa = PBXFileReference; fileEncoding = 4; lastKnownFileType = sourcecode.c.h; path = "UIButton+SZTAdd.h"; sourceTree = "<group>"; };
		1077336821903F78004F5998 /* UIButton+SZTAdd.m */ = {isa = PBXFileReference; fileEncoding = 4; lastKnownFileType = sourcecode.c.objc; path = "UIButton+SZTAdd.m"; sourceTree = "<group>"; };
		107D765D2199592B0024EDB7 /* SZTPlayerView.h */ = {isa = PBXFileReference; lastKnownFileType = sourcecode.c.h; path = SZTPlayerView.h; sourceTree = "<group>"; };
		107D765E2199592B0024EDB7 /* SZTPlayerView.m */ = {isa = PBXFileReference; lastKnownFileType = sourcecode.c.objc; path = SZTPlayerView.m; sourceTree = "<group>"; };
		107D766021997CC20024EDB7 /* SZTPlayerImages.xcassets */ = {isa = PBXFileReference; lastKnownFileType = folder.assetcatalog; path = SZTPlayerImages.xcassets; sourceTree = "<group>"; };
		107D766221997DA90024EDB7 /* SZTFontDefine.h */ = {isa = PBXFileReference; lastKnownFileType = sourcecode.c.h; path = SZTFontDefine.h; sourceTree = "<group>"; };
		10817D76218940840026E5C7 /* ABCMediaComposeUtil.h */ = {isa = PBXFileReference; lastKnownFileType = sourcecode.c.h; path = ABCMediaComposeUtil.h; sourceTree = "<group>"; };
		10817D77218940840026E5C7 /* ABCMediaComposeUtil.m */ = {isa = PBXFileReference; lastKnownFileType = sourcecode.c.objc; path = ABCMediaComposeUtil.m; sourceTree = "<group>"; };
		10817D79218950210026E5C7 /* ABCMediaComposeUnit.h */ = {isa = PBXFileReference; lastKnownFileType = sourcecode.c.h; path = ABCMediaComposeUnit.h; sourceTree = "<group>"; };
		10817D7A218950210026E5C7 /* ABCMediaComposeUnit.m */ = {isa = PBXFileReference; lastKnownFileType = sourcecode.c.objc; path = ABCMediaComposeUnit.m; sourceTree = "<group>"; };
		10817D7D218979870026E5C7 /* LocalFileManager.m */ = {isa = PBXFileReference; fileEncoding = 4; lastKnownFileType = sourcecode.c.objc; path = LocalFileManager.m; sourceTree = "<group>"; };
		10817D7E218979870026E5C7 /* LocalFileManager.h */ = {isa = PBXFileReference; fileEncoding = 4; lastKnownFileType = sourcecode.c.h; path = LocalFileManager.h; sourceTree = "<group>"; };
		10817D812189A9BE0026E5C7 /* ABCAudioRecorder.h */ = {isa = PBXFileReference; lastKnownFileType = sourcecode.c.h; path = ABCAudioRecorder.h; sourceTree = "<group>"; };
		10817D822189A9BE0026E5C7 /* ABCAudioRecorder.m */ = {isa = PBXFileReference; lastKnownFileType = sourcecode.c.objc; path = ABCAudioRecorder.m; sourceTree = "<group>"; };
		109E42AD21A255B400198861 /* ABCSectionTitleView.h */ = {isa = PBXFileReference; lastKnownFileType = sourcecode.c.h; path = ABCSectionTitleView.h; sourceTree = "<group>"; };
		109E42AE21A255B400198861 /* ABCSectionTitleView.m */ = {isa = PBXFileReference; lastKnownFileType = sourcecode.c.objc; path = ABCSectionTitleView.m; sourceTree = "<group>"; };
		109E42B121A28B9B00198861 /* NSNumber+STAdd.m */ = {isa = PBXFileReference; fileEncoding = 4; lastKnownFileType = sourcecode.c.objc; path = "NSNumber+STAdd.m"; sourceTree = "<group>"; };
		109E42B221A28B9C00198861 /* NSNumber+STAdd.h */ = {isa = PBXFileReference; fileEncoding = 4; lastKnownFileType = sourcecode.c.h; path = "NSNumber+STAdd.h"; sourceTree = "<group>"; };
		109E42B421A28D5800198861 /* NSArray+YYModelAdd.h */ = {isa = PBXFileReference; lastKnownFileType = sourcecode.c.h; path = "NSArray+YYModelAdd.h"; sourceTree = "<group>"; };
		109E42B521A28D5800198861 /* NSArray+YYModelAdd.m */ = {isa = PBXFileReference; lastKnownFileType = sourcecode.c.objc; path = "NSArray+YYModelAdd.m"; sourceTree = "<group>"; };
		109E42B821A2A08700198861 /* ABCSearchView.h */ = {isa = PBXFileReference; lastKnownFileType = sourcecode.c.h; path = ABCSearchView.h; sourceTree = "<group>"; };
		109E42B921A2A08700198861 /* ABCSearchView.m */ = {isa = PBXFileReference; lastKnownFileType = sourcecode.c.objc; path = ABCSearchView.m; sourceTree = "<group>"; };
		109E42BB21A2B03F00198861 /* ABCSearchHistoryView.h */ = {isa = PBXFileReference; lastKnownFileType = sourcecode.c.h; path = ABCSearchHistoryView.h; sourceTree = "<group>"; };
		109E42BC21A2B03F00198861 /* ABCSearchHistoryView.m */ = {isa = PBXFileReference; lastKnownFileType = sourcecode.c.objc; path = ABCSearchHistoryView.m; sourceTree = "<group>"; };
		109E42BE21A2B06200198861 /* ABCSearchResultView.h */ = {isa = PBXFileReference; lastKnownFileType = sourcecode.c.h; path = ABCSearchResultView.h; sourceTree = "<group>"; };
		109E42BF21A2B06200198861 /* ABCSearchResultView.m */ = {isa = PBXFileReference; lastKnownFileType = sourcecode.c.objc; path = ABCSearchResultView.m; sourceTree = "<group>"; };
		109E42C321A2BB9500198861 /* APIClient.h */ = {isa = PBXFileReference; lastKnownFileType = sourcecode.c.h; path = APIClient.h; sourceTree = "<group>"; };
		109E42C421A2BB9500198861 /* APIClient.m */ = {isa = PBXFileReference; lastKnownFileType = sourcecode.c.objc; path = APIClient.m; sourceTree = "<group>"; };
		10BF249C218FDD500078BEFB /* ABCDubViewController.h */ = {isa = PBXFileReference; lastKnownFileType = sourcecode.c.h; path = ABCDubViewController.h; sourceTree = "<group>"; };
		10BF249D218FDD500078BEFB /* ABCDubViewController.m */ = {isa = PBXFileReference; lastKnownFileType = sourcecode.c.objc; path = ABCDubViewController.m; sourceTree = "<group>"; };
		10BF249F218FDD820078BEFB /* ABCDubViewModel.h */ = {isa = PBXFileReference; lastKnownFileType = sourcecode.c.h; path = ABCDubViewModel.h; sourceTree = "<group>"; };
		10BF24A0218FDD820078BEFB /* ABCDubViewModel.m */ = {isa = PBXFileReference; lastKnownFileType = sourcecode.c.objc; path = ABCDubViewModel.m; sourceTree = "<group>"; };
		10BF24A6218FEE230078BEFB /* ABCPresentAnimation.h */ = {isa = PBXFileReference; lastKnownFileType = sourcecode.c.h; path = ABCPresentAnimation.h; sourceTree = "<group>"; };
		10BF24A7218FEE230078BEFB /* ABCPresentAnimation.m */ = {isa = PBXFileReference; lastKnownFileType = sourcecode.c.objc; path = ABCPresentAnimation.m; sourceTree = "<group>"; };
		10BF24A9219011030078BEFB /* UIViewController+PresentAnimation.h */ = {isa = PBXFileReference; lastKnownFileType = sourcecode.c.h; path = "UIViewController+PresentAnimation.h"; sourceTree = "<group>"; };
		10BF24AA219011030078BEFB /* UIViewController+PresentAnimation.m */ = {isa = PBXFileReference; lastKnownFileType = sourcecode.c.objc; path = "UIViewController+PresentAnimation.m"; sourceTree = "<group>"; };
		10BF24AD219011F10078BEFB /* NSObject+SZTAdd.h */ = {isa = PBXFileReference; lastKnownFileType = sourcecode.c.h; path = "NSObject+SZTAdd.h"; sourceTree = "<group>"; };
		10BF24AE219011F10078BEFB /* NSObject+SZTAdd.m */ = {isa = PBXFileReference; lastKnownFileType = sourcecode.c.objc; path = "NSObject+SZTAdd.m"; sourceTree = "<group>"; };
		10BF24B0219033830078BEFB /* ABCSimpleDefines.h */ = {isa = PBXFileReference; lastKnownFileType = sourcecode.c.h; path = ABCSimpleDefines.h; sourceTree = "<group>"; };
		10BF24B1219036130078BEFB /* Podfile */ = {isa = PBXFileReference; lastKnownFileType = text; path = Podfile; sourceTree = "<group>"; xcLanguageSpecificationIdentifier = xcode.lang.ruby; };
		10BF24B321903ABB0078BEFB /* ABCDubTableViewCell.h */ = {isa = PBXFileReference; lastKnownFileType = sourcecode.c.h; path = ABCDubTableViewCell.h; sourceTree = "<group>"; };
		10BF24B421903ABB0078BEFB /* ABCDubTableViewCell.m */ = {isa = PBXFileReference; lastKnownFileType = sourcecode.c.objc; path = ABCDubTableViewCell.m; sourceTree = "<group>"; };
		10D3470821A3B15700006CED /* APIManager.h */ = {isa = PBXFileReference; lastKnownFileType = sourcecode.c.h; path = APIManager.h; sourceTree = "<group>"; };
		10D3470921A3B15700006CED /* APIManager.m */ = {isa = PBXFileReference; lastKnownFileType = sourcecode.c.objc; path = APIManager.m; sourceTree = "<group>"; };
		10D3470B21A3D0E000006CED /* APIRequestObject.h */ = {isa = PBXFileReference; lastKnownFileType = sourcecode.c.h; path = APIRequestObject.h; sourceTree = "<group>"; };
		10D3470C21A3D0E000006CED /* APIRequestObject.m */ = {isa = PBXFileReference; lastKnownFileType = sourcecode.c.objc; path = APIRequestObject.m; sourceTree = "<group>"; };
		10D3470E21A3D1E100006CED /* APIDefines.h */ = {isa = PBXFileReference; lastKnownFileType = sourcecode.c.h; path = APIDefines.h; sourceTree = "<group>"; };
		10D3470F21A3F6DF00006CED /* UIView+SZTAdd.h */ = {isa = PBXFileReference; lastKnownFileType = sourcecode.c.h; path = "UIView+SZTAdd.h"; sourceTree = "<group>"; };
		10D3471021A3F6DF00006CED /* UIView+SZTAdd.m */ = {isa = PBXFileReference; lastKnownFileType = sourcecode.c.objc; path = "UIView+SZTAdd.m"; sourceTree = "<group>"; };
		10D3471221A3F6F700006CED /* UIImageView+SZTAdd.h */ = {isa = PBXFileReference; lastKnownFileType = sourcecode.c.h; path = "UIImageView+SZTAdd.h"; sourceTree = "<group>"; };
		10D3471321A3F6F700006CED /* UIImageView+SZTAdd.m */ = {isa = PBXFileReference; lastKnownFileType = sourcecode.c.objc; path = "UIImageView+SZTAdd.m"; sourceTree = "<group>"; };
		10D3471521A3FBB900006CED /* UIImage+SZTAdd.h */ = {isa = PBXFileReference; lastKnownFileType = sourcecode.c.h; path = "UIImage+SZTAdd.h"; sourceTree = "<group>"; };
		10D3471621A3FBB900006CED /* UIImage+SZTAdd.m */ = {isa = PBXFileReference; lastKnownFileType = sourcecode.c.objc; path = "UIImage+SZTAdd.m"; sourceTree = "<group>"; };
		10F35A21219E8A93008A2685 /* ABCCommonEntryCell.h */ = {isa = PBXFileReference; lastKnownFileType = sourcecode.c.h; path = ABCCommonEntryCell.h; sourceTree = "<group>"; };
		10F35A22219E8A93008A2685 /* ABCCommonEntryCell.m */ = {isa = PBXFileReference; lastKnownFileType = sourcecode.c.objc; path = ABCCommonEntryCell.m; sourceTree = "<group>"; };
		10F35A24219E8C08008A2685 /* ABCCommonEntryCollectionViewCell.h */ = {isa = PBXFileReference; lastKnownFileType = sourcecode.c.h; path = ABCCommonEntryCollectionViewCell.h; sourceTree = "<group>"; };
		10F35A25219E8C08008A2685 /* ABCCommonEntryCollectionViewCell.m */ = {isa = PBXFileReference; lastKnownFileType = sourcecode.c.objc; path = ABCCommonEntryCollectionViewCell.m; sourceTree = "<group>"; };
		10F35A27219E96AF008A2685 /* ABCMainDataModel.h */ = {isa = PBXFileReference; lastKnownFileType = sourcecode.c.h; path = ABCMainDataModel.h; sourceTree = "<group>"; };
		10F35A28219E96AF008A2685 /* ABCMainDataModel.m */ = {isa = PBXFileReference; lastKnownFileType = sourcecode.c.objc; path = ABCMainDataModel.m; sourceTree = "<group>"; };
		10F35A2A219E970D008A2685 /* ABCCommonCollectionViewItemData.h */ = {isa = PBXFileReference; lastKnownFileType = sourcecode.c.h; path = ABCCommonCollectionViewItemData.h; sourceTree = "<group>"; };
		10F35A2B219E970D008A2685 /* ABCCommonCollectionViewItemData.m */ = {isa = PBXFileReference; lastKnownFileType = sourcecode.c.objc; path = ABCCommonCollectionViewItemData.m; sourceTree = "<group>"; };
		10F35A35219EBDB2008A2685 /* ABCCommonVideoSnapCell.h */ = {isa = PBXFileReference; lastKnownFileType = sourcecode.c.h; path = ABCCommonVideoSnapCell.h; sourceTree = "<group>"; };
		10F35A36219EBDB2008A2685 /* ABCCommonVideoSnapCell.m */ = {isa = PBXFileReference; lastKnownFileType = sourcecode.c.objc; path = ABCCommonVideoSnapCell.m; sourceTree = "<group>"; };
		10F35A38219EBDDB008A2685 /* ABCCommonVideoSnapCollectionViewCell.h */ = {isa = PBXFileReference; lastKnownFileType = sourcecode.c.h; path = ABCCommonVideoSnapCollectionViewCell.h; sourceTree = "<group>"; };
		10F35A39219EBDDB008A2685 /* ABCCommonVideoSnapCollectionViewCell.m */ = {isa = PBXFileReference; lastKnownFileType = sourcecode.c.objc; path = ABCCommonVideoSnapCollectionViewCell.m; sourceTree = "<group>"; };
		10F35A3C219EC052008A2685 /* ABCCommonCollectionViewTableCell.h */ = {isa = PBXFileReference; lastKnownFileType = sourcecode.c.h; path = ABCCommonCollectionViewTableCell.h; sourceTree = "<group>"; };
		10F35A3D219EC052008A2685 /* ABCCommonCollectionViewTableCell.m */ = {isa = PBXFileReference; lastKnownFileType = sourcecode.c.objc; path = ABCCommonCollectionViewTableCell.m; sourceTree = "<group>"; };
		777D5A045157527A3A542F10 /* Pods-PlayerWithDub.debug.xcconfig */ = {isa = PBXFileReference; includeInIndex = 1; lastKnownFileType = text.xcconfig; name = "Pods-PlayerWithDub.debug.xcconfig"; path = "Pods/Target Support Files/Pods-PlayerWithDub/Pods-PlayerWithDub.debug.xcconfig"; sourceTree = "<group>"; };
		F08D64A394732A9496711DD9 /* Pods_PlayerWithDub.framework */ = {isa = PBXFileReference; explicitFileType = wrapper.framework; includeInIndex = 0; path = Pods_PlayerWithDub.framework; sourceTree = BUILT_PRODUCTS_DIR; };
		F376C40EF10C618FE92D3B35 /* Pods-PlayerWithDub.release.xcconfig */ = {isa = PBXFileReference; includeInIndex = 1; lastKnownFileType = text.xcconfig; name = "Pods-PlayerWithDub.release.xcconfig"; path = "Pods/Target Support Files/Pods-PlayerWithDub/Pods-PlayerWithDub.release.xcconfig"; sourceTree = "<group>"; };
/* End PBXFileReference section */

/* Begin PBXFrameworksBuildPhase section */
		105776DB21880BC100F7EEB2 /* Frameworks */ = {
			isa = PBXFrameworksBuildPhase;
			buildActionMask = 2147483647;
			files = (
				10103820218C19EE00085420 /* libmp3lame.a in Frameworks */,
				35010AA6FDF99A709638AAB6 /* Pods_PlayerWithDub.framework in Frameworks */,
			);
			runOnlyForDeploymentPostprocessing = 0;
		};
		105776F321880BC400F7EEB2 /* Frameworks */ = {
			isa = PBXFrameworksBuildPhase;
			buildActionMask = 2147483647;
			files = (
			);
			runOnlyForDeploymentPostprocessing = 0;
		};
		105776FE21880BC400F7EEB2 /* Frameworks */ = {
			isa = PBXFrameworksBuildPhase;
			buildActionMask = 2147483647;
			files = (
			);
			runOnlyForDeploymentPostprocessing = 0;
		};
/* End PBXFrameworksBuildPhase section */

/* Begin PBXGroup section */
		086D4FA421A7C6C0008B59B9 /* SZTWaveAnimationView */ = {
			isa = PBXGroup;
			children = (
				086D4FA121A7C6B5008B59B9 /* SZTWaveAnimationView.h */,
				086D4FA221A7C6B5008B59B9 /* SZTWaveAnimationView.m */,
			);
			path = SZTWaveAnimationView;
			sourceTree = "<group>";
		};
		08847E3221A5470700C44307 /* Utils */ = {
			isa = PBXGroup;
			children = (
				10BF24A5218FEBDC0078BEFB /* Present */,
				10BF24AC219011A20078BEFB /* Hooks */,
				10817D7C218979460026E5C7 /* FIleManager */,
			);
			path = Utils;
			sourceTree = "<group>";
		};
		08847E3321A559B700C44307 /* SZTClickableLabel */ = {
			isa = PBXGroup;
			children = (
				08847E3421A56B6200C44307 /* SZTClickableLabel.h */,
				08847E3521A56B6200C44307 /* SZTClickableLabel.m */,
			);
			path = SZTClickableLabel;
			sourceTree = "<group>";
		};
		100B3BEE218ACFA200919864 /* AlertHelper */ = {
			isa = PBXGroup;
			children = (
				100B3BEF218ACFBC00919864 /* AlertHelper.h */,
				100B3BF0218ACFBC00919864 /* AlertHelper.m */,
			);
			path = AlertHelper;
			sourceTree = "<group>";
		};
		100B3BF3218AD7EE00919864 /* GCDTimer */ = {
			isa = PBXGroup;
			children = (
				100B3BF4218AD80400919864 /* GCDTimer.h */,
				100B3BF5218AD80400919864 /* GCDTimer.m */,
			);
			path = GCDTimer;
			sourceTree = "<group>";
		};
		10103821218C1A4A00085420 /* lame */ = {
			isa = PBXGroup;
			children = (
				1010381F218C19EE00085420 /* lame.h */,
				1010381E218C19ED00085420 /* libmp3lame.a */,
			);
			path = lame;
			sourceTree = "<group>";
		};
		102CE651218BDD2E00D2E8CA /* MP3Encoder */ = {
			isa = PBXGroup;
			children = (
				10103821218C1A4A00085420 /* lame */,
				102CE656218BE27D00D2E8CA /* MP3Endocder.h */,
				102CE657218BE27D00D2E8CA /* MP3Endocder.mm */,
				102CE663218BED8300D2E8CA /* MP3EncodedRequest.h */,
				102CE664218BED8300D2E8CA /* MP3EncodedRequest.m */,
			);
			path = MP3Encoder;
			sourceTree = "<group>";
		};
		102CE669218BF85800D2E8CA /* ABCError */ = {
			isa = PBXGroup;
			children = (
				102CE666218BF77B00D2E8CA /* ABCError.h */,
				102CE667218BF77B00D2E8CA /* ABCError.m */,
			);
			path = ABCError;
			sourceTree = "<group>";
		};
		103BFA2B21912540002A681A /* Heplers */ = {
			isa = PBXGroup;
			children = (
				100B3BEE218ACFA200919864 /* AlertHelper */,
				103BFA2C21912560002A681A /* ControlHelper.h */,
				103BFA2D21912560002A681A /* ControlHelper.m */,
				1017F601219A979C0080F524 /* SZTPresentedViewController.h */,
				1017F602219A979C0080F524 /* SZTPresentedViewController.m */,
				1025009E219952750024679A /* SZTKVOSimpleDefine.h */,
				107D766221997DA90024EDB7 /* SZTFontDefine.h */,
				10635790219C16E300D505BD /* ABCColorDefines.h */,
				10635791219C187000D505BD /* ABCFontDefines.h */,
				107504B6219D58480037B436 /* SZTSimpleDefines.h */,
			);
			path = Heplers;
			sourceTree = "<group>";
		};
		105776D521880BC100F7EEB2 = {
			isa = PBXGroup;
			children = (
				10635785219C139200D505BD /* Assets */,
				105776E021880BC100F7EEB2 /* PlayerWithDub */,
				105776F921880BC400F7EEB2 /* PlayerWithDubTests */,
				1057770421880BC400F7EEB2 /* PlayerWithDubUITests */,
				105776DF21880BC100F7EEB2 /* Products */,
				10BF24B1219036130078BEFB /* Podfile */,
				177E23009FC768F40B3CF9E5 /* Pods */,
				85367C67361C2FD6E7B84E9E /* Frameworks */,
			);
			sourceTree = "<group>";
		};
		105776DF21880BC100F7EEB2 /* Products */ = {
			isa = PBXGroup;
			children = (
				105776DE21880BC100F7EEB2 /* PlayerWithDub.app */,
				105776F621880BC400F7EEB2 /* PlayerWithDubTests.xctest */,
				1057770121880BC400F7EEB2 /* PlayerWithDubUITests.xctest */,
			);
			name = Products;
			sourceTree = "<group>";
		};
		105776E021880BC100F7EEB2 /* PlayerWithDub */ = {
			isa = PBXGroup;
			children = (
				103BFA2B21912540002A681A /* Heplers */,
				10577713218828D200F7EEB2 /* Resources */,
				10F35A1E219E897A008A2685 /* Others */,
				10635770219C0E3200D505BD /* TabbarViewController */,
				1063576F219C0E0B00D505BD /* Main */,
				10635774219C0EA100D505BD /* Focus */,
				10635776219C0EB000D505BD /* Message */,
				10635775219C0EAB00D505BD /* User */,
				105776E121880BC100F7EEB2 /* AppDelegate.h */,
				105776E221880BC100F7EEB2 /* AppDelegate.m */,
				105776E421880BC100F7EEB2 /* ViewController.h */,
				105776E521880BC100F7EEB2 /* ViewController.m */,
				10BF24B0219033830078BEFB /* ABCSimpleDefines.h */,
				105776EA21880BC400F7EEB2 /* Assets.xcassets */,
				105776EC21880BC400F7EEB2 /* LaunchScreen.storyboard */,
				105776EF21880BC400F7EEB2 /* Info.plist */,
				105776F021880BC400F7EEB2 /* main.m */,
				103BFA2F219127CD002A681A /* PrefixHeader.pch */,
			);
			path = PlayerWithDub;
			sourceTree = "<group>";
		};
		105776F921880BC400F7EEB2 /* PlayerWithDubTests */ = {
			isa = PBXGroup;
			children = (
				105776FA21880BC400F7EEB2 /* PlayerWithDubTests.m */,
				105776FC21880BC400F7EEB2 /* Info.plist */,
			);
			path = PlayerWithDubTests;
			sourceTree = "<group>";
		};
		1057770421880BC400F7EEB2 /* PlayerWithDubUITests */ = {
			isa = PBXGroup;
			children = (
				1057770521880BC400F7EEB2 /* PlayerWithDubUITests.m */,
				1057770721880BC400F7EEB2 /* Info.plist */,
			);
			path = PlayerWithDubUITests;
			sourceTree = "<group>";
		};
		10577713218828D200F7EEB2 /* Resources */ = {
			isa = PBXGroup;
			children = (
				1057773B2188419700F7EEB2 /* 帮我和我妈妈打个招呼.mp3 */,
				105777452188419800F7EEB2 /* 帮我和我妈妈打个招呼.mp4 */,
				105777382188419700F7EEB2 /* 帮我和我妈妈打个招呼.srt */,
				105777352188419600F7EEB2 /* 丁满照看鸟宝宝.mp3 */,
				105777362188419600F7EEB2 /* 丁满照看鸟宝宝.mp4 */,
				1057773C2188419700F7EEB2 /* 丁满照看鸟宝宝.srt */,
				105777412188419800F7EEB2 /* 幻想中的无敌神鹰.mp3 */,
				105777342188419600F7EEB2 /* 幻想中的无敌神鹰.mp4 */,
				105777332188419600F7EEB2 /* 幻想中的无敌神鹰.srt */,
			);
			path = Resources;
			sourceTree = "<group>";
		};
		1057771A2188291300F7EEB2 /* Player */ = {
			isa = PBXGroup;
			children = (
				1057772021882AC200F7EEB2 /* Images */,
				1057771C2188291E00F7EEB2 /* AWVideoPlayerViewController.h */,
				1057771D2188291E00F7EEB2 /* AWVideoPlayerViewController.m */,
				1057771B2188291E00F7EEB2 /* AWVideoPlayerViewController.xib */,
				102A4ADC21928C9700AC6C89 /* SZTPlayerViewController.h */,
				102A4ADD21928C9700AC6C89 /* SZTPlayerViewController.m */,
				102A4ADF2192EC3100AC6C89 /* SZTResourceLoader.h */,
				102A4AE02192EC3100AC6C89 /* SZTResourceLoader.m */,
				10721AE42193D90800867A74 /* SZTPlayerResourceManager.h */,
				10721AE52193D90800867A74 /* SZTPlayerResourceManager.m */,
				10250091219561690024679A /* SZTPlayer.h */,
				10250092219561690024679A /* SZTPlayer.m */,
				10250098219923D20024679A /* SZTPlayerFileHandle.h */,
				10250099219923D20024679A /* SZTPlayerFileHandle.m */,
				107D765D2199592B0024EDB7 /* SZTPlayerView.h */,
				107D765E2199592B0024EDB7 /* SZTPlayerView.m */,
				1017F604219AC1790080F524 /* SZTPlayerStatusView.h */,
				1017F605219AC1790080F524 /* SZTPlayerStatusView.m */,
				107D766021997CC20024EDB7 /* SZTPlayerImages.xcassets */,
				1017F5FE219A6AB00080F524 /* SZTPlayerFullScreenViewController.h */,
				1017F5FF219A6AB00080F524 /* SZTPlayerFullScreenViewController.m */,
			);
			path = Player;
			sourceTree = "<group>";
		};
		1057772021882AC200F7EEB2 /* Images */ = {
			isa = PBXGroup;
			children = (
				1057772D21882B4700F7EEB2 /* player_slideThumb@2x.png */,
				1057772E21882B4900F7EEB2 /* player_slideThumb@3x.png */,
				1057772921882B3100F7EEB2 /* player_play@2x.png */,
				1057772A21882B3300F7EEB2 /* player_play@3x.png */,
				1057772521882B1B00F7EEB2 /* player_pause@2x.png */,
				1057772621882B1D00F7EEB2 /* player_pause@3x.png */,
				1057772121882AE000F7EEB2 /* player_centerPlay@2x.png */,
				1057772221882AF200F7EEB2 /* player_centerPlay@3x.png */,
			);
			path = Images;
			sourceTree = "<group>";
		};
		1063576F219C0E0B00D505BD /* Main */ = {
			isa = PBXGroup;
			children = (
				107504C5219D7F480037B436 /* Home */,
			);
			path = Main;
			sourceTree = "<group>";
		};
		10635770219C0E3200D505BD /* TabbarViewController */ = {
			isa = PBXGroup;
			children = (
				10635771219C0E8100D505BD /* ABCTabBarController.h */,
				10635772219C0E8100D505BD /* ABCTabBarController.m */,
			);
			path = TabbarViewController;
			sourceTree = "<group>";
		};
		10635774219C0EA100D505BD /* Focus */ = {
			isa = PBXGroup;
			children = (
				1063577A219C0F7A00D505BD /* ABCFocusViewController.h */,
				1063577B219C0F7A00D505BD /* ABCFocusViewController.m */,
			);
			path = Focus;
			sourceTree = "<group>";
		};
		10635775219C0EAB00D505BD /* User */ = {
			isa = PBXGroup;
			children = (
				10635780219C0F9800D505BD /* ABCUserViewController.h */,
				10635781219C0F9800D505BD /* ABCUserViewController.m */,
			);
			path = User;
			sourceTree = "<group>";
		};
		10635776219C0EB000D505BD /* Message */ = {
			isa = PBXGroup;
			children = (
				1063577D219C0F8B00D505BD /* ABCMessageViewController.h */,
				1063577E219C0F8B00D505BD /* ABCMessageViewController.m */,
			);
			path = Message;
			sourceTree = "<group>";
		};
		10635785219C139200D505BD /* Assets */ = {
			isa = PBXGroup;
			children = (
				10635783219C138D00D505BD /* ABCTabbar.xcassets */,
				10635786219C13AA00D505BD /* ABCMain.xcassets */,
				10635788219C13B600D505BD /* ABCFocus.xcassets */,
				1063578A219C13C500D505BD /* ABCMessage.xcassets */,
				1063578C219C13D300D505BD /* ABCUser.xcassets */,
				1063578E219C13E000D505BD /* ABCOthers.xcassets */,
			);
			path = Assets;
			sourceTree = "<group>";
		};
		10635796219C1F2500D505BD /* SZTBannerView */ = {
			isa = PBXGroup;
			children = (
				10635793219C1BF800D505BD /* SZTBannerView.h */,
				10635794219C1BF800D505BD /* SZTBannerView.m */,
			);
			path = SZTBannerView;
			sourceTree = "<group>";
		};
		10635797219C1F2E00D505BD /* SZTPageControl */ = {
			isa = PBXGroup;
			children = (
				10635798219C1F6400D505BD /* SZTPageControl.h */,
				10635799219C1F6400D505BD /* SZTPageControl.m */,
			);
			path = SZTPageControl;
			sourceTree = "<group>";
		};
		107504C5219D7F480037B436 /* Home */ = {
			isa = PBXGroup;
			children = (
				10635777219C0EEE00D505BD /* ABCMainViewViewController.h */,
				10635778219C0EEE00D505BD /* ABCMainViewViewController.m */,
				107504C6219D7F6C0037B436 /* ABCMainViewModel.h */,
				107504C7219D7F6C0037B436 /* ABCMainViewModel.m */,
				107504C9219D8B510037B436 /* ABCMainCollectionHeaderView.h */,
				107504CA219D8B510037B436 /* ABCMainCollectionHeaderView.m */,
				10F35A27219E96AF008A2685 /* ABCMainDataModel.h */,
				10F35A28219E96AF008A2685 /* ABCMainDataModel.m */,
			);
			path = Home;
			sourceTree = "<group>";
		};
		107504CD219D8DF80037B436 /* ABCCommonCollectionView */ = {
			isa = PBXGroup;
			children = (
				107504CE219D8F0D0037B436 /* ABCCommonCollectionView.h */,
				107504CF219D8F0D0037B436 /* ABCCommonCollectionView.m */,
				107504D1219D8F2F0037B436 /* ABCCommonCollectionViewCell.h */,
				107504D2219D8F2F0037B436 /* ABCCommonCollectionViewCell.m */,
				10F35A2A219E970D008A2685 /* ABCCommonCollectionViewItemData.h */,
				10F35A2B219E970D008A2685 /* ABCCommonCollectionViewItemData.m */,
			);
			path = ABCCommonCollectionView;
			sourceTree = "<group>";
		};
		1077336621903F58004F5998 /* Categorys */ = {
			isa = PBXGroup;
			children = (
				109E42B221A28B9C00198861 /* NSNumber+STAdd.h */,
				109E42B121A28B9B00198861 /* NSNumber+STAdd.m */,
				1077336721903F77004F5998 /* UIButton+SZTAdd.h */,
				1077336821903F78004F5998 /* UIButton+SZTAdd.m */,
				107504B7219D59FC0037B436 /* UINavigationController+SZTAdd.h */,
				107504B8219D59FC0037B436 /* UINavigationController+SZTAdd.m */,
				109E42B421A28D5800198861 /* NSArray+YYModelAdd.h */,
				109E42B521A28D5800198861 /* NSArray+YYModelAdd.m */,
				10D3470F21A3F6DF00006CED /* UIView+SZTAdd.h */,
				10D3471021A3F6DF00006CED /* UIView+SZTAdd.m */,
				10D3471221A3F6F700006CED /* UIImageView+SZTAdd.h */,
				10D3471321A3F6F700006CED /* UIImageView+SZTAdd.m */,
				10D3471521A3FBB900006CED /* UIImage+SZTAdd.h */,
				10D3471621A3FBB900006CED /* UIImage+SZTAdd.m */,
			);
			path = Categorys;
			sourceTree = "<group>";
		};
		10817D7521893DBF0026E5C7 /* AVComposeUrils */ = {
			isa = PBXGroup;
			children = (
				10817D76218940840026E5C7 /* ABCMediaComposeUtil.h */,
				10817D77218940840026E5C7 /* ABCMediaComposeUtil.m */,
				10817D79218950210026E5C7 /* ABCMediaComposeUnit.h */,
				10817D7A218950210026E5C7 /* ABCMediaComposeUnit.m */,
			);
			path = AVComposeUrils;
			sourceTree = "<group>";
		};
		10817D7C218979460026E5C7 /* FIleManager */ = {
			isa = PBXGroup;
			children = (
				10817D7E218979870026E5C7 /* LocalFileManager.h */,
				10817D7D218979870026E5C7 /* LocalFileManager.m */,
			);
			path = FIleManager;
			sourceTree = "<group>";
		};
		10817D802189A9A50026E5C7 /* AudioRecord */ = {
			isa = PBXGroup;
			children = (
				10817D812189A9BE0026E5C7 /* ABCAudioRecorder.h */,
				10817D822189A9BE0026E5C7 /* ABCAudioRecorder.m */,
			);
			path = AudioRecord;
			sourceTree = "<group>";
		};
		10817D842189AE0F0026E5C7 /* Caption */ = {
			isa = PBXGroup;
			children = (
				10103822218C389F00085420 /* ABCCaptionSegment.h */,
				10103823218C389F00085420 /* ABCCaptionSegment.m */,
				10103825218C392E00085420 /* ABCSRTParser.h */,
				10103826218C392E00085420 /* ABCSRTParser.m */,
			);
			path = Caption;
			sourceTree = "<group>";
		};
		109E42B021A255DF00198861 /* ABCSectionTitleView */ = {
			isa = PBXGroup;
			children = (
				109E42AD21A255B400198861 /* ABCSectionTitleView.h */,
				109E42AE21A255B400198861 /* ABCSectionTitleView.m */,
			);
			path = ABCSectionTitleView;
			sourceTree = "<group>";
		};
		109E42B721A2914800198861 /* ABCSearchView */ = {
			isa = PBXGroup;
			children = (
				109E42B821A2A08700198861 /* ABCSearchView.h */,
				109E42B921A2A08700198861 /* ABCSearchView.m */,
				109E42BB21A2B03F00198861 /* ABCSearchHistoryView.h */,
				109E42BC21A2B03F00198861 /* ABCSearchHistoryView.m */,
				08B969CB21A7FC7300B5BE95 /* ABCSearchHistoryViewModel.h */,
				08B969CC21A7FC7300B5BE95 /* ABCSearchHistoryViewModel.m */,
				109E42BE21A2B06200198861 /* ABCSearchResultView.h */,
				109E42BF21A2B06200198861 /* ABCSearchResultView.m */,
			);
			path = ABCSearchView;
			sourceTree = "<group>";
		};
		109E42C121A2BB3600198861 /* Modules */ = {
			isa = PBXGroup;
			children = (
				100B3BF3218AD7EE00919864 /* GCDTimer */,
				10817D842189AE0F0026E5C7 /* Caption */,
				10817D7521893DBF0026E5C7 /* AVComposeUrils */,
				10BF249B218FDD0C0078BEFB /* ABCDub */,
				102CE669218BF85800D2E8CA /* ABCError */,
				102CE651218BDD2E00D2E8CA /* MP3Encoder */,
				10817D802189A9A50026E5C7 /* AudioRecord */,
				1057771A2188291300F7EEB2 /* Player */,
				109E42C221A2BB4600198861 /* APIClient */,
			);
			path = Modules;
			sourceTree = "<group>";
		};
		109E42C221A2BB4600198861 /* APIClient */ = {
			isa = PBXGroup;
			children = (
				109E42C321A2BB9500198861 /* APIClient.h */,
				109E42C421A2BB9500198861 /* APIClient.m */,
				10D3470821A3B15700006CED /* APIManager.h */,
				10D3470921A3B15700006CED /* APIManager.m */,
				10D3470B21A3D0E000006CED /* APIRequestObject.h */,
				10D3470C21A3D0E000006CED /* APIRequestObject.m */,
				10D3470E21A3D1E100006CED /* APIDefines.h */,
				08847E2E21A4F56500C44307 /* NSObject+APIAdd.h */,
				08847E2F21A4F56500C44307 /* NSObject+APIAdd.m */,
			);
			path = APIClient;
			sourceTree = "<group>";
		};
		10BF249B218FDD0C0078BEFB /* ABCDub */ = {
			isa = PBXGroup;
			children = (
				10BF249C218FDD500078BEFB /* ABCDubViewController.h */,
				10BF249D218FDD500078BEFB /* ABCDubViewController.m */,
				10BF249F218FDD820078BEFB /* ABCDubViewModel.h */,
				10BF24A0218FDD820078BEFB /* ABCDubViewModel.m */,
				10BF24B321903ABB0078BEFB /* ABCDubTableViewCell.h */,
				10BF24B421903ABB0078BEFB /* ABCDubTableViewCell.m */,
				103BFA3021916EB7002A681A /* ABCDubFileManager.h */,
				103BFA3121916EB7002A681A /* ABCDubFileManager.m */,
				106D1AB621917DF5007973DE /* ABCDubHelper.h */,
				106D1AB721917DF5007973DE /* ABCDubHelper.m */,
				102A4ADB219287E600AC6C89 /* ABCDubPrefixHeader.h */,
			);
			path = ABCDub;
			sourceTree = "<group>";
		};
		10BF24A5218FEBDC0078BEFB /* Present */ = {
			isa = PBXGroup;
			children = (
				10BF24A6218FEE230078BEFB /* ABCPresentAnimation.h */,
				10BF24A7218FEE230078BEFB /* ABCPresentAnimation.m */,
				10BF24A9219011030078BEFB /* UIViewController+PresentAnimation.h */,
				10BF24AA219011030078BEFB /* UIViewController+PresentAnimation.m */,
			);
			path = Present;
			sourceTree = "<group>";
		};
		10BF24AC219011A20078BEFB /* Hooks */ = {
			isa = PBXGroup;
			children = (
				10BF24AD219011F10078BEFB /* NSObject+SZTAdd.h */,
				10BF24AE219011F10078BEFB /* NSObject+SZTAdd.m */,
			);
			path = Hooks;
			sourceTree = "<group>";
		};
		10F35A1E219E897A008A2685 /* Others */ = {
			isa = PBXGroup;
			children = (
				1077336621903F58004F5998 /* Categorys */,
				08847E3221A5470700C44307 /* Utils */,
				109E42C121A2BB3600198861 /* Modules */,
				10F35A20219E8A41008A2685 /* Views */,
			);
			path = Others;
			sourceTree = "<group>";
		};
		10F35A1F219E8988008A2685 /* ABCCommonEntryCell */ = {
			isa = PBXGroup;
			children = (
				10F35A21219E8A93008A2685 /* ABCCommonEntryCell.h */,
				10F35A22219E8A93008A2685 /* ABCCommonEntryCell.m */,
				10F35A24219E8C08008A2685 /* ABCCommonEntryCollectionViewCell.h */,
				10F35A25219E8C08008A2685 /* ABCCommonEntryCollectionViewCell.m */,
			);
			path = ABCCommonEntryCell;
			sourceTree = "<group>";
		};
		10F35A20219E8A41008A2685 /* Views */ = {
			isa = PBXGroup;
			children = (
				08847E3321A559B700C44307 /* SZTClickableLabel */,
				086D4FA421A7C6C0008B59B9 /* SZTWaveAnimationView */,
				10635797219C1F2E00D505BD /* SZTPageControl */,
				10635796219C1F2500D505BD /* SZTBannerView */,
				109E42B721A2914800198861 /* ABCSearchView */,
				109E42B021A255DF00198861 /* ABCSectionTitleView */,
				107504CD219D8DF80037B436 /* ABCCommonCollectionView */,
				10F35A3B219EC016008A2685 /* ABCCommonCollectionViewTableCell */,
				10F35A34219EBD24008A2685 /* ABCCommonVideoSnapCell */,
				10F35A1F219E8988008A2685 /* ABCCommonEntryCell */,
			);
			path = Views;
			sourceTree = "<group>";
		};
		10F35A34219EBD24008A2685 /* ABCCommonVideoSnapCell */ = {
			isa = PBXGroup;
			children = (
				10F35A35219EBDB2008A2685 /* ABCCommonVideoSnapCell.h */,
				10F35A36219EBDB2008A2685 /* ABCCommonVideoSnapCell.m */,
				10F35A38219EBDDB008A2685 /* ABCCommonVideoSnapCollectionViewCell.h */,
				10F35A39219EBDDB008A2685 /* ABCCommonVideoSnapCollectionViewCell.m */,
			);
			path = ABCCommonVideoSnapCell;
			sourceTree = "<group>";
		};
		10F35A3B219EC016008A2685 /* ABCCommonCollectionViewTableCell */ = {
			isa = PBXGroup;
			children = (
				10F35A3C219EC052008A2685 /* ABCCommonCollectionViewTableCell.h */,
				10F35A3D219EC052008A2685 /* ABCCommonCollectionViewTableCell.m */,
			);
			path = ABCCommonCollectionViewTableCell;
			sourceTree = "<group>";
		};
		177E23009FC768F40B3CF9E5 /* Pods */ = {
			isa = PBXGroup;
			children = (
				777D5A045157527A3A542F10 /* Pods-PlayerWithDub.debug.xcconfig */,
				F376C40EF10C618FE92D3B35 /* Pods-PlayerWithDub.release.xcconfig */,
			);
			name = Pods;
			sourceTree = "<group>";
		};
		85367C67361C2FD6E7B84E9E /* Frameworks */ = {
			isa = PBXGroup;
			children = (
				F08D64A394732A9496711DD9 /* Pods_PlayerWithDub.framework */,
			);
			name = Frameworks;
			sourceTree = "<group>";
		};
/* End PBXGroup section */

/* Begin PBXNativeTarget section */
		105776DD21880BC100F7EEB2 /* PlayerWithDub */ = {
			isa = PBXNativeTarget;
			buildConfigurationList = 1057770A21880BC400F7EEB2 /* Build configuration list for PBXNativeTarget "PlayerWithDub" */;
			buildPhases = (
				93904EBE78FF68B72F74F839 /* [CP] Check Pods Manifest.lock */,
				105776DA21880BC100F7EEB2 /* Sources */,
				105776DB21880BC100F7EEB2 /* Frameworks */,
				105776DC21880BC100F7EEB2 /* Resources */,
				F6D48B64224A5F922F5E9037 /* [CP] Embed Pods Frameworks */,
			);
			buildRules = (
			);
			dependencies = (
			);
			name = PlayerWithDub;
			productName = PlayerWithDub;
			productReference = 105776DE21880BC100F7EEB2 /* PlayerWithDub.app */;
			productType = "com.apple.product-type.application";
		};
		105776F521880BC400F7EEB2 /* PlayerWithDubTests */ = {
			isa = PBXNativeTarget;
			buildConfigurationList = 1057770D21880BC400F7EEB2 /* Build configuration list for PBXNativeTarget "PlayerWithDubTests" */;
			buildPhases = (
				105776F221880BC400F7EEB2 /* Sources */,
				105776F321880BC400F7EEB2 /* Frameworks */,
				105776F421880BC400F7EEB2 /* Resources */,
			);
			buildRules = (
			);
			dependencies = (
				105776F821880BC400F7EEB2 /* PBXTargetDependency */,
			);
			name = PlayerWithDubTests;
			productName = PlayerWithDubTests;
			productReference = 105776F621880BC400F7EEB2 /* PlayerWithDubTests.xctest */;
			productType = "com.apple.product-type.bundle.unit-test";
		};
		1057770021880BC400F7EEB2 /* PlayerWithDubUITests */ = {
			isa = PBXNativeTarget;
			buildConfigurationList = 1057771021880BC400F7EEB2 /* Build configuration list for PBXNativeTarget "PlayerWithDubUITests" */;
			buildPhases = (
				105776FD21880BC400F7EEB2 /* Sources */,
				105776FE21880BC400F7EEB2 /* Frameworks */,
				105776FF21880BC400F7EEB2 /* Resources */,
			);
			buildRules = (
			);
			dependencies = (
				1057770321880BC400F7EEB2 /* PBXTargetDependency */,
			);
			name = PlayerWithDubUITests;
			productName = PlayerWithDubUITests;
			productReference = 1057770121880BC400F7EEB2 /* PlayerWithDubUITests.xctest */;
			productType = "com.apple.product-type.bundle.ui-testing";
		};
/* End PBXNativeTarget section */

/* Begin PBXProject section */
		105776D621880BC100F7EEB2 /* Project object */ = {
			isa = PBXProject;
			attributes = {
				LastUpgradeCheck = 1000;
				ORGANIZATIONNAME = "泽泰 舒";
				TargetAttributes = {
					105776DD21880BC100F7EEB2 = {
						CreatedOnToolsVersion = 10.0;
					};
					105776F521880BC400F7EEB2 = {
						CreatedOnToolsVersion = 10.0;
						TestTargetID = 105776DD21880BC100F7EEB2;
					};
					1057770021880BC400F7EEB2 = {
						CreatedOnToolsVersion = 10.0;
						TestTargetID = 105776DD21880BC100F7EEB2;
					};
				};
			};
			buildConfigurationList = 105776D921880BC100F7EEB2 /* Build configuration list for PBXProject "PlayerWithDub" */;
			compatibilityVersion = "Xcode 9.3";
			developmentRegion = en;
			hasScannedForEncodings = 0;
			knownRegions = (
				en,
				Base,
			);
			mainGroup = 105776D521880BC100F7EEB2;
			productRefGroup = 105776DF21880BC100F7EEB2 /* Products */;
			projectDirPath = "";
			projectRoot = "";
			targets = (
				105776DD21880BC100F7EEB2 /* PlayerWithDub */,
				105776F521880BC400F7EEB2 /* PlayerWithDubTests */,
				1057770021880BC400F7EEB2 /* PlayerWithDubUITests */,
			);
		};
/* End PBXProject section */

/* Begin PBXResourcesBuildPhase section */
		105776DC21880BC100F7EEB2 /* Resources */ = {
			isa = PBXResourcesBuildPhase;
			buildActionMask = 2147483647;
			files = (
				105776EE21880BC400F7EEB2 /* LaunchScreen.storyboard in Resources */,
				1057772821882B1F00F7EEB2 /* player_pause@3x.png in Resources */,
				105777482188419800F7EEB2 /* 幻想中的无敌神鹰.srt in Resources */,
				1063578B219C13C500D505BD /* ABCMessage.xcassets in Resources */,
				1057772C21882B3400F7EEB2 /* player_play@3x.png in Resources */,
				105777562188419800F7EEB2 /* 幻想中的无敌神鹰.mp3 in Resources */,
				1057772421882B0100F7EEB2 /* player_centerPlay@3x.png in Resources */,
				1057775A2188419800F7EEB2 /* 帮我和我妈妈打个招呼.mp4 in Resources */,
				1057774A2188419800F7EEB2 /* 丁满照看鸟宝宝.mp3 in Resources */,
				1057771E2188291E00F7EEB2 /* AWVideoPlayerViewController.xib in Resources */,
				105777502188419800F7EEB2 /* 帮我和我妈妈打个招呼.mp3 in Resources */,
				1057772321882B0100F7EEB2 /* player_centerPlay@2x.png in Resources */,
				107D766121997CC20024EDB7 /* SZTPlayerImages.xcassets in Resources */,
				105777512188419800F7EEB2 /* 丁满照看鸟宝宝.srt in Resources */,
				10635784219C138D00D505BD /* ABCTabbar.xcassets in Resources */,
				10BF24B2219036130078BEFB /* Podfile in Resources */,
				1063578F219C13E000D505BD /* ABCOthers.xcassets in Resources */,
				1057772F21882B4B00F7EEB2 /* player_slideThumb@2x.png in Resources */,
				1063578D219C13D300D505BD /* ABCUser.xcassets in Resources */,
				1057774D2188419800F7EEB2 /* 帮我和我妈妈打个招呼.srt in Resources */,
				10635789219C13B600D505BD /* ABCFocus.xcassets in Resources */,
				105777492188419800F7EEB2 /* 幻想中的无敌神鹰.mp4 in Resources */,
				1057774B2188419800F7EEB2 /* 丁满照看鸟宝宝.mp4 in Resources */,
				1057772B21882B3400F7EEB2 /* player_play@2x.png in Resources */,
				1057772721882B1F00F7EEB2 /* player_pause@2x.png in Resources */,
				105776EB21880BC400F7EEB2 /* Assets.xcassets in Resources */,
				1057773021882B4B00F7EEB2 /* player_slideThumb@3x.png in Resources */,
				10635787219C13AA00D505BD /* ABCMain.xcassets in Resources */,
			);
			runOnlyForDeploymentPostprocessing = 0;
		};
		105776F421880BC400F7EEB2 /* Resources */ = {
			isa = PBXResourcesBuildPhase;
			buildActionMask = 2147483647;
			files = (
			);
			runOnlyForDeploymentPostprocessing = 0;
		};
		105776FF21880BC400F7EEB2 /* Resources */ = {
			isa = PBXResourcesBuildPhase;
			buildActionMask = 2147483647;
			files = (
			);
			runOnlyForDeploymentPostprocessing = 0;
		};
/* End PBXResourcesBuildPhase section */

/* Begin PBXShellScriptBuildPhase section */
		93904EBE78FF68B72F74F839 /* [CP] Check Pods Manifest.lock */ = {
			isa = PBXShellScriptBuildPhase;
			buildActionMask = 2147483647;
			files = (
			);
			inputPaths = (
				"${PODS_PODFILE_DIR_PATH}/Podfile.lock",
				"${PODS_ROOT}/Manifest.lock",
			);
			name = "[CP] Check Pods Manifest.lock";
			outputPaths = (
				"$(DERIVED_FILE_DIR)/Pods-PlayerWithDub-checkManifestLockResult.txt",
			);
			runOnlyForDeploymentPostprocessing = 0;
			shellPath = /bin/sh;
			shellScript = "diff \"${PODS_PODFILE_DIR_PATH}/Podfile.lock\" \"${PODS_ROOT}/Manifest.lock\" > /dev/null\nif [ $? != 0 ] ; then\n    # print error to STDERR\n    echo \"error: The sandbox is not in sync with the Podfile.lock. Run 'pod install' or update your CocoaPods installation.\" >&2\n    exit 1\nfi\n# This output is used by Xcode 'outputs' to avoid re-running this script phase.\necho \"SUCCESS\" > \"${SCRIPT_OUTPUT_FILE_0}\"\n";
			showEnvVarsInLog = 0;
		};
		F6D48B64224A5F922F5E9037 /* [CP] Embed Pods Frameworks */ = {
			isa = PBXShellScriptBuildPhase;
			buildActionMask = 2147483647;
			files = (
			);
			inputPaths = (
				"${SRCROOT}/Pods/Target Support Files/Pods-PlayerWithDub/Pods-PlayerWithDub-frameworks.sh",
				"${BUILT_PRODUCTS_DIR}/AFNetworking/AFNetworking.framework",
				"${BUILT_PRODUCTS_DIR}/KeyboardToolBar/KeyboardToolBar.framework",
				"${BUILT_PRODUCTS_DIR}/MBProgressHUD/MBProgressHUD.framework",
				"${BUILT_PRODUCTS_DIR}/MJRefresh/MJRefresh.framework",
				"${BUILT_PRODUCTS_DIR}/Masonry/Masonry.framework",
				"${BUILT_PRODUCTS_DIR}/SDWebImage/SDWebImage.framework",
				"${BUILT_PRODUCTS_DIR}/UICountingLabel/UICountingLabel.framework",
				"${BUILT_PRODUCTS_DIR}/YYCategories/YYCategories.framework",
				"${BUILT_PRODUCTS_DIR}/YYModel/YYModel.framework",
			);
			name = "[CP] Embed Pods Frameworks";
			outputPaths = (
				"${TARGET_BUILD_DIR}/${FRAMEWORKS_FOLDER_PATH}/AFNetworking.framework",
				"${TARGET_BUILD_DIR}/${FRAMEWORKS_FOLDER_PATH}/KeyboardToolBar.framework",
				"${TARGET_BUILD_DIR}/${FRAMEWORKS_FOLDER_PATH}/MBProgressHUD.framework",
				"${TARGET_BUILD_DIR}/${FRAMEWORKS_FOLDER_PATH}/MJRefresh.framework",
				"${TARGET_BUILD_DIR}/${FRAMEWORKS_FOLDER_PATH}/Masonry.framework",
				"${TARGET_BUILD_DIR}/${FRAMEWORKS_FOLDER_PATH}/SDWebImage.framework",
				"${TARGET_BUILD_DIR}/${FRAMEWORKS_FOLDER_PATH}/UICountingLabel.framework",
				"${TARGET_BUILD_DIR}/${FRAMEWORKS_FOLDER_PATH}/YYCategories.framework",
				"${TARGET_BUILD_DIR}/${FRAMEWORKS_FOLDER_PATH}/YYModel.framework",
			);
			runOnlyForDeploymentPostprocessing = 0;
			shellPath = /bin/sh;
			shellScript = "\"${SRCROOT}/Pods/Target Support Files/Pods-PlayerWithDub/Pods-PlayerWithDub-frameworks.sh\"\n";
			showEnvVarsInLog = 0;
		};
/* End PBXShellScriptBuildPhase section */

/* Begin PBXSourcesBuildPhase section */
		105776DA21880BC100F7EEB2 /* Sources */ = {
			isa = PBXSourcesBuildPhase;
			buildActionMask = 2147483647;
			files = (
				100B3BF1218ACFBC00919864 /* AlertHelper.m in Sources */,
				109E42BA21A2A08700198861 /* ABCSearchView.m in Sources */,
				10BF24AF219011F10078BEFB /* NSObject+SZTAdd.m in Sources */,
				107504CB219D8B510037B436 /* ABCMainCollectionHeaderView.m in Sources */,
				10635779219C0EEE00D505BD /* ABCMainViewViewController.m in Sources */,
				10BF249E218FDD500078BEFB /* ABCDubViewController.m in Sources */,
				10817D7F218979870026E5C7 /* LocalFileManager.m in Sources */,
				102CE668218BF77B00D2E8CA /* ABCError.m in Sources */,
				10F35A3E219EC052008A2685 /* ABCCommonCollectionViewTableCell.m in Sources */,
				1063577C219C0F7A00D505BD /* ABCFocusViewController.m in Sources */,
				105776E621880BC100F7EEB2 /* ViewController.m in Sources */,
				10250093219561690024679A /* SZTPlayer.m in Sources */,
				1017F603219A979C0080F524 /* SZTPresentedViewController.m in Sources */,
				10BF24B521903ABB0078BEFB /* ABCDubTableViewCell.m in Sources */,
				109E42C021A2B06200198861 /* ABCSearchResultView.m in Sources */,
				10817D832189A9BE0026E5C7 /* ABCAudioRecorder.m in Sources */,
				107504C8219D7F6C0037B436 /* ABCMainViewModel.m in Sources */,
				10635773219C0E8100D505BD /* ABCTabBarController.m in Sources */,
				10F35A26219E8C08008A2685 /* ABCCommonEntryCollectionViewCell.m in Sources */,
				105776F121880BC400F7EEB2 /* main.m in Sources */,
				10F35A23219E8A93008A2685 /* ABCCommonEntryCell.m in Sources */,
				10635782219C0F9800D505BD /* ABCUserViewController.m in Sources */,
				10F35A3A219EBDDB008A2685 /* ABCCommonVideoSnapCollectionViewCell.m in Sources */,
				1025009A219923D20024679A /* SZTPlayerFileHandle.m in Sources */,
				10D3471121A3F6DF00006CED /* UIView+SZTAdd.m in Sources */,
				10D3471721A3FBB900006CED /* UIImage+SZTAdd.m in Sources */,
				102A4ADE21928C9700AC6C89 /* SZTPlayerViewController.m in Sources */,
				10BF24AB219011030078BEFB /* UIViewController+PresentAnimation.m in Sources */,
				109E42B321A28B9C00198861 /* NSNumber+STAdd.m in Sources */,
				08B969CD21A7FC7300B5BE95 /* ABCSearchHistoryViewModel.m in Sources */,
				10F35A2C219E970D008A2685 /* ABCCommonCollectionViewItemData.m in Sources */,
				10817D7B218950210026E5C7 /* ABCMediaComposeUnit.m in Sources */,
				103BFA2E21912560002A681A /* ControlHelper.m in Sources */,
				107504D3219D8F2F0037B436 /* ABCCommonCollectionViewCell.m in Sources */,
				106D1AB821917DF5007973DE /* ABCDubHelper.m in Sources */,
				102A4AE12192EC3100AC6C89 /* SZTResourceLoader.m in Sources */,
				10F35A29219E96AF008A2685 /* ABCMainDataModel.m in Sources */,
				10817D78218940840026E5C7 /* ABCMediaComposeUtil.m in Sources */,
				10721AE62193D90800867A74 /* SZTPlayerResourceManager.m in Sources */,
				107D765F2199592B0024EDB7 /* SZTPlayerView.m in Sources */,
				1017F606219AC1790080F524 /* SZTPlayerStatusView.m in Sources */,
				10BF24A1218FDD820078BEFB /* ABCDubViewModel.m in Sources */,
				1077336921903F78004F5998 /* UIButton+SZTAdd.m in Sources */,
				08847E3021A4F56500C44307 /* NSObject+APIAdd.m in Sources */,
				103BFA3221916EB7002A681A /* ABCDubFileManager.m in Sources */,
				109E42BD21A2B03F00198861 /* ABCSearchHistoryView.m in Sources */,
				102CE658218BE27D00D2E8CA /* MP3Endocder.mm in Sources */,
				10D3471421A3F6F700006CED /* UIImageView+SZTAdd.m in Sources */,
				107504D0219D8F0D0037B436 /* ABCCommonCollectionView.m in Sources */,
				086D4FA321A7C6B5008B59B9 /* SZTWaveAnimationView.m in Sources */,
				109E42AF21A255B400198861 /* ABCSectionTitleView.m in Sources */,
				100B3BF6218AD80400919864 /* GCDTimer.m in Sources */,
				08847E3621A56B6200C44307 /* SZTClickableLabel.m in Sources */,
				1017F600219A6AB00080F524 /* SZTPlayerFullScreenViewController.m in Sources */,
				105776E321880BC100F7EEB2 /* AppDelegate.m in Sources */,
				10F35A37219EBDB2008A2685 /* ABCCommonVideoSnapCell.m in Sources */,
				1063577F219C0F8B00D505BD /* ABCMessageViewController.m in Sources */,
				10BF24A8218FEE230078BEFB /* ABCPresentAnimation.m in Sources */,
				10D3470A21A3B15700006CED /* APIManager.m in Sources */,
				10635795219C1BF800D505BD /* SZTBannerView.m in Sources */,
				109E42B621A28D5800198861 /* NSArray+YYModelAdd.m in Sources */,
				10103827218C392E00085420 /* ABCSRTParser.m in Sources */,
				10D3470D21A3D0E000006CED /* APIRequestObject.m in Sources */,
				10103824218C389F00085420 /* ABCCaptionSegment.m in Sources */,
				107504B9219D59FC0037B436 /* UINavigationController+SZTAdd.m in Sources */,
				109E42C521A2BB9500198861 /* APIClient.m in Sources */,
				1057771F2188291E00F7EEB2 /* AWVideoPlayerViewController.m in Sources */,
				1063579A219C1F6400D505BD /* SZTPageControl.m in Sources */,
				102CE665218BED8300D2E8CA /* MP3EncodedRequest.m in Sources */,
			);
			runOnlyForDeploymentPostprocessing = 0;
		};
		105776F221880BC400F7EEB2 /* Sources */ = {
			isa = PBXSourcesBuildPhase;
			buildActionMask = 2147483647;
			files = (
				105776FB21880BC400F7EEB2 /* PlayerWithDubTests.m in Sources */,
			);
			runOnlyForDeploymentPostprocessing = 0;
		};
		105776FD21880BC400F7EEB2 /* Sources */ = {
			isa = PBXSourcesBuildPhase;
			buildActionMask = 2147483647;
			files = (
				1057770621880BC400F7EEB2 /* PlayerWithDubUITests.m in Sources */,
			);
			runOnlyForDeploymentPostprocessing = 0;
		};
/* End PBXSourcesBuildPhase section */

/* Begin PBXTargetDependency section */
		105776F821880BC400F7EEB2 /* PBXTargetDependency */ = {
			isa = PBXTargetDependency;
			target = 105776DD21880BC100F7EEB2 /* PlayerWithDub */;
			targetProxy = 105776F721880BC400F7EEB2 /* PBXContainerItemProxy */;
		};
		1057770321880BC400F7EEB2 /* PBXTargetDependency */ = {
			isa = PBXTargetDependency;
			target = 105776DD21880BC100F7EEB2 /* PlayerWithDub */;
			targetProxy = 1057770221880BC400F7EEB2 /* PBXContainerItemProxy */;
		};
/* End PBXTargetDependency section */

/* Begin PBXVariantGroup section */
		105776EC21880BC400F7EEB2 /* LaunchScreen.storyboard */ = {
			isa = PBXVariantGroup;
			children = (
				105776ED21880BC400F7EEB2 /* Base */,
			);
			name = LaunchScreen.storyboard;
			sourceTree = "<group>";
		};
/* End PBXVariantGroup section */

/* Begin XCBuildConfiguration section */
		1057770821880BC400F7EEB2 /* Debug */ = {
			isa = XCBuildConfiguration;
			buildSettings = {
				ALWAYS_SEARCH_USER_PATHS = NO;
				CLANG_ANALYZER_NONNULL = YES;
				CLANG_ANALYZER_NUMBER_OBJECT_CONVERSION = YES_AGGRESSIVE;
				CLANG_CXX_LANGUAGE_STANDARD = "gnu++14";
				CLANG_CXX_LIBRARY = "libc++";
				CLANG_ENABLE_MODULES = YES;
				CLANG_ENABLE_OBJC_ARC = YES;
				CLANG_ENABLE_OBJC_WEAK = YES;
				CLANG_WARN_BLOCK_CAPTURE_AUTORELEASING = YES;
				CLANG_WARN_BOOL_CONVERSION = YES;
				CLANG_WARN_COMMA = YES;
				CLANG_WARN_CONSTANT_CONVERSION = YES;
				CLANG_WARN_DEPRECATED_OBJC_IMPLEMENTATIONS = YES;
				CLANG_WARN_DIRECT_OBJC_ISA_USAGE = YES_ERROR;
				CLANG_WARN_DOCUMENTATION_COMMENTS = YES;
				CLANG_WARN_EMPTY_BODY = YES;
				CLANG_WARN_ENUM_CONVERSION = YES;
				CLANG_WARN_INFINITE_RECURSION = YES;
				CLANG_WARN_INT_CONVERSION = YES;
				CLANG_WARN_NON_LITERAL_NULL_CONVERSION = YES;
				CLANG_WARN_OBJC_IMPLICIT_RETAIN_SELF = YES;
				CLANG_WARN_OBJC_LITERAL_CONVERSION = YES;
				CLANG_WARN_OBJC_ROOT_CLASS = YES_ERROR;
				CLANG_WARN_RANGE_LOOP_ANALYSIS = YES;
				CLANG_WARN_STRICT_PROTOTYPES = YES;
				CLANG_WARN_SUSPICIOUS_MOVE = YES;
				CLANG_WARN_UNGUARDED_AVAILABILITY = YES_AGGRESSIVE;
				CLANG_WARN_UNREACHABLE_CODE = YES;
				CLANG_WARN__DUPLICATE_METHOD_MATCH = YES;
				CODE_SIGN_IDENTITY = "iPhone Developer";
				COPY_PHASE_STRIP = NO;
				DEBUG_INFORMATION_FORMAT = dwarf;
				ENABLE_STRICT_OBJC_MSGSEND = YES;
				ENABLE_TESTABILITY = YES;
				GCC_C_LANGUAGE_STANDARD = gnu11;
				GCC_DYNAMIC_NO_PIC = NO;
				GCC_NO_COMMON_BLOCKS = YES;
				GCC_OPTIMIZATION_LEVEL = 0;
				GCC_PREPROCESSOR_DEFINITIONS = (
					"DEBUG=1",
					"$(inherited)",
				);
				GCC_WARN_64_TO_32_BIT_CONVERSION = YES;
				GCC_WARN_ABOUT_RETURN_TYPE = YES_ERROR;
				GCC_WARN_UNDECLARED_SELECTOR = YES;
				GCC_WARN_UNINITIALIZED_AUTOS = YES_AGGRESSIVE;
				GCC_WARN_UNUSED_FUNCTION = YES;
				GCC_WARN_UNUSED_VARIABLE = YES;
				IPHONEOS_DEPLOYMENT_TARGET = 12.0;
				MTL_ENABLE_DEBUG_INFO = INCLUDE_SOURCE;
				MTL_FAST_MATH = YES;
				ONLY_ACTIVE_ARCH = YES;
				SDKROOT = iphoneos;
			};
			name = Debug;
		};
		1057770921880BC400F7EEB2 /* Release */ = {
			isa = XCBuildConfiguration;
			buildSettings = {
				ALWAYS_SEARCH_USER_PATHS = NO;
				CLANG_ANALYZER_NONNULL = YES;
				CLANG_ANALYZER_NUMBER_OBJECT_CONVERSION = YES_AGGRESSIVE;
				CLANG_CXX_LANGUAGE_STANDARD = "gnu++14";
				CLANG_CXX_LIBRARY = "libc++";
				CLANG_ENABLE_MODULES = YES;
				CLANG_ENABLE_OBJC_ARC = YES;
				CLANG_ENABLE_OBJC_WEAK = YES;
				CLANG_WARN_BLOCK_CAPTURE_AUTORELEASING = YES;
				CLANG_WARN_BOOL_CONVERSION = YES;
				CLANG_WARN_COMMA = YES;
				CLANG_WARN_CONSTANT_CONVERSION = YES;
				CLANG_WARN_DEPRECATED_OBJC_IMPLEMENTATIONS = YES;
				CLANG_WARN_DIRECT_OBJC_ISA_USAGE = YES_ERROR;
				CLANG_WARN_DOCUMENTATION_COMMENTS = YES;
				CLANG_WARN_EMPTY_BODY = YES;
				CLANG_WARN_ENUM_CONVERSION = YES;
				CLANG_WARN_INFINITE_RECURSION = YES;
				CLANG_WARN_INT_CONVERSION = YES;
				CLANG_WARN_NON_LITERAL_NULL_CONVERSION = YES;
				CLANG_WARN_OBJC_IMPLICIT_RETAIN_SELF = YES;
				CLANG_WARN_OBJC_LITERAL_CONVERSION = YES;
				CLANG_WARN_OBJC_ROOT_CLASS = YES_ERROR;
				CLANG_WARN_RANGE_LOOP_ANALYSIS = YES;
				CLANG_WARN_STRICT_PROTOTYPES = YES;
				CLANG_WARN_SUSPICIOUS_MOVE = YES;
				CLANG_WARN_UNGUARDED_AVAILABILITY = YES_AGGRESSIVE;
				CLANG_WARN_UNREACHABLE_CODE = YES;
				CLANG_WARN__DUPLICATE_METHOD_MATCH = YES;
				CODE_SIGN_IDENTITY = "iPhone Developer";
				COPY_PHASE_STRIP = NO;
				DEBUG_INFORMATION_FORMAT = "dwarf-with-dsym";
				ENABLE_NS_ASSERTIONS = NO;
				ENABLE_STRICT_OBJC_MSGSEND = YES;
				GCC_C_LANGUAGE_STANDARD = gnu11;
				GCC_NO_COMMON_BLOCKS = YES;
				GCC_WARN_64_TO_32_BIT_CONVERSION = YES;
				GCC_WARN_ABOUT_RETURN_TYPE = YES_ERROR;
				GCC_WARN_UNDECLARED_SELECTOR = YES;
				GCC_WARN_UNINITIALIZED_AUTOS = YES_AGGRESSIVE;
				GCC_WARN_UNUSED_FUNCTION = YES;
				GCC_WARN_UNUSED_VARIABLE = YES;
				IPHONEOS_DEPLOYMENT_TARGET = 12.0;
				MTL_ENABLE_DEBUG_INFO = NO;
				MTL_FAST_MATH = YES;
				SDKROOT = iphoneos;
				VALIDATE_PRODUCT = YES;
			};
			name = Release;
		};
		1057770B21880BC400F7EEB2 /* Debug */ = {
			isa = XCBuildConfiguration;
			baseConfigurationReference = 777D5A045157527A3A542F10 /* Pods-PlayerWithDub.debug.xcconfig */;
			buildSettings = {
				ASSETCATALOG_COMPILER_APPICON_NAME = AppIcon;
				CODE_SIGN_STYLE = Automatic;
				DEVELOPMENT_TEAM = TMPW4E35GP;
				GCC_PREFIX_HEADER = "$(SRCROOT)/PlayerWithDub/PrefixHeader.pch";
				HEADER_SEARCH_PATHS = "";
				INFOPLIST_FILE = PlayerWithDub/Info.plist;
				LD_RUNPATH_SEARCH_PATHS = (
					"$(inherited)",
					"@executable_path/Frameworks",
				);
				LIBRARY_SEARCH_PATHS = (
					"$(inherited)",
					"$(PROJECT_DIR)/Lame",
					"$(PROJECT_DIR)/PlayerWithDub/MP3Encoder/Lame",
					"$(PROJECT_DIR)/PlayerWithDub/MP3Encoder",
				);
				PRODUCT_BUNDLE_IDENTIFIER = com.abc360.PlayerWithDub;
				PRODUCT_NAME = "$(TARGET_NAME)";
				TARGETED_DEVICE_FAMILY = "1,2";
				USER_HEADER_SEARCH_PATHS = "";
			};
			name = Debug;
		};
		1057770C21880BC400F7EEB2 /* Release */ = {
			isa = XCBuildConfiguration;
			baseConfigurationReference = F376C40EF10C618FE92D3B35 /* Pods-PlayerWithDub.release.xcconfig */;
			buildSettings = {
				ASSETCATALOG_COMPILER_APPICON_NAME = AppIcon;
				CODE_SIGN_STYLE = Automatic;
				DEVELOPMENT_TEAM = TMPW4E35GP;
				GCC_PREFIX_HEADER = "$(SRCROOT)/PlayerWithDub/PrefixHeader.pch";
				HEADER_SEARCH_PATHS = "";
				INFOPLIST_FILE = PlayerWithDub/Info.plist;
				LD_RUNPATH_SEARCH_PATHS = (
					"$(inherited)",
					"@executable_path/Frameworks",
				);
				LIBRARY_SEARCH_PATHS = (
					"$(inherited)",
					"$(PROJECT_DIR)/Lame",
					"$(PROJECT_DIR)/PlayerWithDub/MP3Encoder/Lame",
					"$(PROJECT_DIR)/PlayerWithDub/MP3Encoder",
				);
				PRODUCT_BUNDLE_IDENTIFIER = com.abc360.PlayerWithDub;
				PRODUCT_NAME = "$(TARGET_NAME)";
				TARGETED_DEVICE_FAMILY = "1,2";
				USER_HEADER_SEARCH_PATHS = "";
			};
			name = Release;
		};
		1057770E21880BC400F7EEB2 /* Debug */ = {
			isa = XCBuildConfiguration;
			buildSettings = {
				BUNDLE_LOADER = "$(TEST_HOST)";
				CODE_SIGN_STYLE = Automatic;
				DEVELOPMENT_TEAM = TMPW4E35GP;
				INFOPLIST_FILE = PlayerWithDubTests/Info.plist;
				LD_RUNPATH_SEARCH_PATHS = (
					"$(inherited)",
					"@executable_path/Frameworks",
					"@loader_path/Frameworks",
				);
				PRODUCT_BUNDLE_IDENTIFIER = com.abc360.PlayerWithDubTests;
				PRODUCT_NAME = "$(TARGET_NAME)";
				TARGETED_DEVICE_FAMILY = "1,2";
				TEST_HOST = "$(BUILT_PRODUCTS_DIR)/PlayerWithDub.app/PlayerWithDub";
			};
			name = Debug;
		};
		1057770F21880BC400F7EEB2 /* Release */ = {
			isa = XCBuildConfiguration;
			buildSettings = {
				BUNDLE_LOADER = "$(TEST_HOST)";
				CODE_SIGN_STYLE = Automatic;
				DEVELOPMENT_TEAM = TMPW4E35GP;
				INFOPLIST_FILE = PlayerWithDubTests/Info.plist;
				LD_RUNPATH_SEARCH_PATHS = (
					"$(inherited)",
					"@executable_path/Frameworks",
					"@loader_path/Frameworks",
				);
				PRODUCT_BUNDLE_IDENTIFIER = com.abc360.PlayerWithDubTests;
				PRODUCT_NAME = "$(TARGET_NAME)";
				TARGETED_DEVICE_FAMILY = "1,2";
				TEST_HOST = "$(BUILT_PRODUCTS_DIR)/PlayerWithDub.app/PlayerWithDub";
			};
			name = Release;
		};
		1057771121880BC400F7EEB2 /* Debug */ = {
			isa = XCBuildConfiguration;
			buildSettings = {
				CODE_SIGN_STYLE = Automatic;
				DEVELOPMENT_TEAM = TMPW4E35GP;
				HEADER_SEARCH_PATHS = "";
				INFOPLIST_FILE = PlayerWithDubUITests/Info.plist;
				LD_RUNPATH_SEARCH_PATHS = (
					"$(inherited)",
					"@executable_path/Frameworks",
					"@loader_path/Frameworks",
				);
				PRODUCT_BUNDLE_IDENTIFIER = com.abc360.PlayerWithDubUITests;
				PRODUCT_NAME = "$(TARGET_NAME)";
				TARGETED_DEVICE_FAMILY = "1,2";
				TEST_TARGET_NAME = PlayerWithDub;
				USER_HEADER_SEARCH_PATHS = "";
			};
			name = Debug;
		};
		1057771221880BC400F7EEB2 /* Release */ = {
			isa = XCBuildConfiguration;
			buildSettings = {
				CODE_SIGN_STYLE = Automatic;
				DEVELOPMENT_TEAM = TMPW4E35GP;
				HEADER_SEARCH_PATHS = "";
				INFOPLIST_FILE = PlayerWithDubUITests/Info.plist;
				LD_RUNPATH_SEARCH_PATHS = (
					"$(inherited)",
					"@executable_path/Frameworks",
					"@loader_path/Frameworks",
				);
				PRODUCT_BUNDLE_IDENTIFIER = com.abc360.PlayerWithDubUITests;
				PRODUCT_NAME = "$(TARGET_NAME)";
				TARGETED_DEVICE_FAMILY = "1,2";
				TEST_TARGET_NAME = PlayerWithDub;
				USER_HEADER_SEARCH_PATHS = "";
			};
			name = Release;
		};
/* End XCBuildConfiguration section */

/* Begin XCConfigurationList section */
		105776D921880BC100F7EEB2 /* Build configuration list for PBXProject "PlayerWithDub" */ = {
			isa = XCConfigurationList;
			buildConfigurations = (
				1057770821880BC400F7EEB2 /* Debug */,
				1057770921880BC400F7EEB2 /* Release */,
			);
			defaultConfigurationIsVisible = 0;
			defaultConfigurationName = Release;
		};
		1057770A21880BC400F7EEB2 /* Build configuration list for PBXNativeTarget "PlayerWithDub" */ = {
			isa = XCConfigurationList;
			buildConfigurations = (
				1057770B21880BC400F7EEB2 /* Debug */,
				1057770C21880BC400F7EEB2 /* Release */,
			);
			defaultConfigurationIsVisible = 0;
			defaultConfigurationName = Release;
		};
		1057770D21880BC400F7EEB2 /* Build configuration list for PBXNativeTarget "PlayerWithDubTests" */ = {
			isa = XCConfigurationList;
			buildConfigurations = (
				1057770E21880BC400F7EEB2 /* Debug */,
				1057770F21880BC400F7EEB2 /* Release */,
			);
			defaultConfigurationIsVisible = 0;
			defaultConfigurationName = Release;
		};
		1057771021880BC400F7EEB2 /* Build configuration list for PBXNativeTarget "PlayerWithDubUITests" */ = {
			isa = XCConfigurationList;
			buildConfigurations = (
				1057771121880BC400F7EEB2 /* Debug */,
				1057771221880BC400F7EEB2 /* Release */,
			);
			defaultConfigurationIsVisible = 0;
			defaultConfigurationName = Release;
		};
/* End XCConfigurationList section */
	};
	rootObject = 105776D621880BC100F7EEB2 /* Project object */;
}
